// !$*UTF8*$!
{
	archiveVersion = 1;
	classes = {
	};
	objectVersion = 56;
	objects = {

/* Begin PBXBuildFile section */
		AB0445282937188500821885 /* RepSet+CoreDataClass.swift in Sources */ = {isa = PBXBuildFile; fileRef = AB0445262937188500821885 /* RepSet+CoreDataClass.swift */; };
		AB0445292937188500821885 /* RepSet+CoreDataProperties.swift in Sources */ = {isa = PBXBuildFile; fileRef = AB0445272937188500821885 /* RepSet+CoreDataProperties.swift */; };
		AB04452B2937233E00821885 /* ExerciseSetChart.swift in Sources */ = {isa = PBXBuildFile; fileRef = AB04452A2937233E00821885 /* ExerciseSetChart.swift */; };
		AB09F0B2293AEBDB00EF458B /* ExerciseInWorkoutDetailsViewModel copy.swift in Sources */ = {isa = PBXBuildFile; fileRef = AB09F0B1293AEBDB00EF458B /* ExerciseInWorkoutDetailsViewModel copy.swift */; };
		AB2B99362939A91C006DE3DE /* WorkoutDetailsView.swift in Sources */ = {isa = PBXBuildFile; fileRef = AB2B99352939A91C006DE3DE /* WorkoutDetailsView.swift */; };
		AB2B99382939A92B006DE3DE /* WorkoutDetailsViewModel.swift in Sources */ = {isa = PBXBuildFile; fileRef = AB2B99372939A92B006DE3DE /* WorkoutDetailsViewModel.swift */; };
		AB2B993B2939AAA3006DE3DE /* ExercisesList.swift in Sources */ = {isa = PBXBuildFile; fileRef = AB2B993A2939AAA3006DE3DE /* ExercisesList.swift */; };
		AB2B993E2939AB2D006DE3DE /* WorkoutDetailsViewModel+NSFetchedResultsControllerDelegate.swift in Sources */ = {isa = PBXBuildFile; fileRef = AB2B993D2939AB2D006DE3DE /* WorkoutDetailsViewModel+NSFetchedResultsControllerDelegate.swift */; };
		AB2FF932293E2E4A00E4ABA6 /* Notes.rtf in Resources */ = {isa = PBXBuildFile; fileRef = AB2FF931293E2E4A00E4ABA6 /* Notes.rtf */; };
		AB2FF934293E44A400E4ABA6 /* AlertConstants.swift in Sources */ = {isa = PBXBuildFile; fileRef = AB2FF933293E44A400E4ABA6 /* AlertConstants.swift */; };
		AB2FF935293E44A900E4ABA6 /* AlertConstants.swift in Sources */ = {isa = PBXBuildFile; fileRef = AB2FF933293E44A400E4ABA6 /* AlertConstants.swift */; };
		AB3FBEF7293285B5006F8621 /* ExercisesViewModel.swift in Sources */ = {isa = PBXBuildFile; fileRef = AB3FBEF6293285B5006F8621 /* ExercisesViewModel.swift */; };
		AB3FBEF929328790006F8621 /* CoreDataConstants.swift in Sources */ = {isa = PBXBuildFile; fileRef = AB3FBEF829328790006F8621 /* CoreDataConstants.swift */; };
		AB3FBEFB2932885F006F8621 /* ExercisesViewModel+NSFetchedResultsControllerDelegate.swift in Sources */ = {isa = PBXBuildFile; fileRef = AB3FBEFA2932885F006F8621 /* ExercisesViewModel+NSFetchedResultsControllerDelegate.swift */; };
		AB3FBF0229328DC2006F8621 /* AddEditExerciseView.swift in Sources */ = {isa = PBXBuildFile; fileRef = AB3FBF0129328DC2006F8621 /* AddEditExerciseView.swift */; };
		AB3FBF0729329F95006F8621 /* AddEditExerciseViewModel.swift in Sources */ = {isa = PBXBuildFile; fileRef = AB3FBF0629329F94006F8621 /* AddEditExerciseViewModel.swift */; };
		AB3FBF0F2932ADCF006F8621 /* WeightUnit.swift in Sources */ = {isa = PBXBuildFile; fileRef = AB3FBF0E2932ADCF006F8621 /* WeightUnit.swift */; };
		AB3FBF122932B038006F8621 /* Muscle.swift in Sources */ = {isa = PBXBuildFile; fileRef = AB3FBF112932B038006F8621 /* Muscle.swift */; };
		AB3FBF1A2932BB87006F8621 /* RootView.swift in Sources */ = {isa = PBXBuildFile; fileRef = AB3FBF192932BB87006F8621 /* RootView.swift */; };
		AB3FBF1C2932BC04006F8621 /* RootViewModel.swift in Sources */ = {isa = PBXBuildFile; fileRef = AB3FBF1B2932BC04006F8621 /* RootViewModel.swift */; };
		AB3FBF1F2932BDC7006F8621 /* WorkoutsView.swift in Sources */ = {isa = PBXBuildFile; fileRef = AB3FBF1E2932BDC7006F8621 /* WorkoutsView.swift */; };
		AB3FBF212932BDF7006F8621 /* WorkoutsViewModel.swift in Sources */ = {isa = PBXBuildFile; fileRef = AB3FBF202932BDF7006F8621 /* WorkoutsViewModel.swift */; };
		AB3FBF232932C245006F8621 /* WorkoutType.swift in Sources */ = {isa = PBXBuildFile; fileRef = AB3FBF222932C245006F8621 /* WorkoutType.swift */; };
		AB3FBF262932C2BC006F8621 /* AddEditWorkoutView.swift in Sources */ = {isa = PBXBuildFile; fileRef = AB3FBF252932C2BC006F8621 /* AddEditWorkoutView.swift */; };
		AB3FBF282932C2C4006F8621 /* AddEditWorkoutViewModel.swift in Sources */ = {isa = PBXBuildFile; fileRef = AB3FBF272932C2C4006F8621 /* AddEditWorkoutViewModel.swift */; };
		AB3FBF2A2932C334006F8621 /* WorkoutsViewModel+NSFetchedResultsControllerDelegate.swift in Sources */ = {isa = PBXBuildFile; fileRef = AB3FBF292932C334006F8621 /* WorkoutsViewModel+NSFetchedResultsControllerDelegate.swift */; };
		AB3FBF382932C608006F8621 /* Workout+Helpers.swift in Sources */ = {isa = PBXBuildFile; fileRef = AB3FBF372932C608006F8621 /* Workout+Helpers.swift */; };
		AB3FBF3A2932C62B006F8621 /* Exercise+Helpers.swift in Sources */ = {isa = PBXBuildFile; fileRef = AB3FBF392932C62B006F8621 /* Exercise+Helpers.swift */; };
		AB4422FA2938F88000CA71EB /* RepBuddy.xcdatamodeld in Sources */ = {isa = PBXBuildFile; fileRef = ABFD9A362938F65C00FAF7C1 /* RepBuddy.xcdatamodeld */; };
		AB4422FC2938FA9400CA71EB /* WorkoutsViewModel.swift in Sources */ = {isa = PBXBuildFile; fileRef = AB4422FB2938FA9400CA71EB /* WorkoutsViewModel.swift */; };
		AB815E0E2939A036007F7859 /* AddEditWorkoutViewModel.swift in Sources */ = {isa = PBXBuildFile; fileRef = AB815E0D2939A036007F7859 /* AddEditWorkoutViewModel.swift */; };
		AB827525293A3541000EEFD6 /* AddExerciseView.swift in Sources */ = {isa = PBXBuildFile; fileRef = AB827524293A3541000EEFD6 /* AddExerciseView.swift */; };
		AB827527293A3550000EEFD6 /* AddExerciseViewModel.swift in Sources */ = {isa = PBXBuildFile; fileRef = AB827526293A3550000EEFD6 /* AddExerciseViewModel.swift */; };
		AB827528293A35CB000EEFD6 /* NotificationConstants.swift in Sources */ = {isa = PBXBuildFile; fileRef = ABF248F629342EE700FC7782 /* NotificationConstants.swift */; };
		AB82752A293A3656000EEFD6 /* WorkoutDetailsViewSheetNavigator.swift in Sources */ = {isa = PBXBuildFile; fileRef = AB827529293A3656000EEFD6 /* WorkoutDetailsViewSheetNavigator.swift */; };
		AB82752D293A3672000EEFD6 /* AddEditRepSetView.swift in Sources */ = {isa = PBXBuildFile; fileRef = AB82752B293A3672000EEFD6 /* AddEditRepSetView.swift */; };
		AB82752E293A3672000EEFD6 /* AddEditRepSetViewModel.swift in Sources */ = {isa = PBXBuildFile; fileRef = AB82752C293A3672000EEFD6 /* AddEditRepSetViewModel.swift */; };
		AB827532293A3AF4000EEFD6 /* RootView.swift in Sources */ = {isa = PBXBuildFile; fileRef = AB827531293A3AF4000EEFD6 /* RootView.swift */; };
		AB827534293A3B0C000EEFD6 /* RootViewModel.swift in Sources */ = {isa = PBXBuildFile; fileRef = AB827533293A3B0C000EEFD6 /* RootViewModel.swift */; };
		AB827537293A3B4D000EEFD6 /* ExercisesView.swift in Sources */ = {isa = PBXBuildFile; fileRef = AB827536293A3B4D000EEFD6 /* ExercisesView.swift */; };
		AB827539293A3B59000EEFD6 /* ExercisesViewModel.swift in Sources */ = {isa = PBXBuildFile; fileRef = AB827538293A3B59000EEFD6 /* ExercisesViewModel.swift */; };
		AB82753B293A3B5C000EEFD6 /* ExercisesViewModel+NSFetchedResultsControllerDelegate.swift in Sources */ = {isa = PBXBuildFile; fileRef = AB82753A293A3B5C000EEFD6 /* ExercisesViewModel+NSFetchedResultsControllerDelegate.swift */; };
		AB82753C293A3B6D000EEFD6 /* CoreDataConstants.swift in Sources */ = {isa = PBXBuildFile; fileRef = AB3FBEF829328790006F8621 /* CoreDataConstants.swift */; };
		AB827544293A3BBB000EEFD6 /* ExerciseDetailsView.swift in Sources */ = {isa = PBXBuildFile; fileRef = AB827542293A3BBB000EEFD6 /* ExerciseDetailsView.swift */; };
		AB827545293A3BBB000EEFD6 /* ExerciseDetailsViewModel.swift in Sources */ = {isa = PBXBuildFile; fileRef = AB827543293A3BBB000EEFD6 /* ExerciseDetailsViewModel.swift */; };
		AB827549293A3BD2000EEFD6 /* AddEditExerciseView.swift in Sources */ = {isa = PBXBuildFile; fileRef = AB827548293A3BD2000EEFD6 /* AddEditExerciseView.swift */; };
		AB82754A293A3BD2000EEFD6 /* AddEditExerciseViewModel.swift in Sources */ = {isa = PBXBuildFile; fileRef = AB827547293A3BD2000EEFD6 /* AddEditExerciseViewModel.swift */; };
		AB82754C293A4E38000EEFD6 /* WorkoutsViewModel+NSFetchedResultsControllerDelegate.swift in Sources */ = {isa = PBXBuildFile; fileRef = AB82754B293A4E38000EEFD6 /* WorkoutsViewModel+NSFetchedResultsControllerDelegate.swift */; };
		AB82754F293A58D5000EEFD6 /* ExerciseInWorkoutDetailsView.swift in Sources */ = {isa = PBXBuildFile; fileRef = AB82754E293A58D5000EEFD6 /* ExerciseInWorkoutDetailsView.swift */; };
		AB827551293A58DD000EEFD6 /* ExerciseInWorkoutDetailsViewModel.swift in Sources */ = {isa = PBXBuildFile; fileRef = AB827550293A58DD000EEFD6 /* ExerciseInWorkoutDetailsViewModel.swift */; };
		AB827553293A5AA1000EEFD6 /* ExerciseSetChart.swift in Sources */ = {isa = PBXBuildFile; fileRef = AB827552293A5AA1000EEFD6 /* ExerciseSetChart.swift */; };
		AB8FA66129399E1A00E29AD3 /* AddEditWorkoutView.swift in Sources */ = {isa = PBXBuildFile; fileRef = AB8FA66029399E1A00E29AD3 /* AddEditWorkoutView.swift */; };
		AB8FA66229399F2000E29AD3 /* WeightUnit.swift in Sources */ = {isa = PBXBuildFile; fileRef = AB3FBF0E2932ADCF006F8621 /* WeightUnit.swift */; };
		AB8FA66329399F2000E29AD3 /* Exercise+CoreDataClass.swift in Sources */ = {isa = PBXBuildFile; fileRef = ABE4103B2936D40D00E053A9 /* Exercise+CoreDataClass.swift */; };
		AB8FA66429399F2000E29AD3 /* Muscle.swift in Sources */ = {isa = PBXBuildFile; fileRef = AB3FBF112932B038006F8621 /* Muscle.swift */; };
		AB8FA66529399F2000E29AD3 /* Workout+CoreDataProperties.swift in Sources */ = {isa = PBXBuildFile; fileRef = ABE410402936D40D00E053A9 /* Workout+CoreDataProperties.swift */; };
		AB8FA66629399F2000E29AD3 /* WorkoutType.swift in Sources */ = {isa = PBXBuildFile; fileRef = AB3FBF222932C245006F8621 /* WorkoutType.swift */; };
		AB8FA66729399F2000E29AD3 /* Exercise+CoreDataProperties.swift in Sources */ = {isa = PBXBuildFile; fileRef = ABE4103C2936D40D00E053A9 /* Exercise+CoreDataProperties.swift */; };
		AB8FA66829399F2000E29AD3 /* RepSet+Helpers.swift in Sources */ = {isa = PBXBuildFile; fileRef = AB9B0D842937A92900A86C27 /* RepSet+Helpers.swift */; };
		AB8FA66929399F2000E29AD3 /* Exercise+Helpers.swift in Sources */ = {isa = PBXBuildFile; fileRef = AB3FBF392932C62B006F8621 /* Exercise+Helpers.swift */; };
		AB8FA66A29399F2000E29AD3 /* RepSet+CoreDataClass.swift in Sources */ = {isa = PBXBuildFile; fileRef = AB0445262937188500821885 /* RepSet+CoreDataClass.swift */; };
		AB8FA66B29399F2000E29AD3 /* RepSet+CoreDataProperties.swift in Sources */ = {isa = PBXBuildFile; fileRef = AB0445272937188500821885 /* RepSet+CoreDataProperties.swift */; };
		AB8FA66C29399F2000E29AD3 /* Workout+CoreDataClass.swift in Sources */ = {isa = PBXBuildFile; fileRef = ABE4103F2936D40D00E053A9 /* Workout+CoreDataClass.swift */; };
		AB8FA66D29399F2000E29AD3 /* Workout+Helpers.swift in Sources */ = {isa = PBXBuildFile; fileRef = AB3FBF372932C608006F8621 /* Workout+Helpers.swift */; };
		AB8FA66E29399F3800E29AD3 /* DataController.swift in Sources */ = {isa = PBXBuildFile; fileRef = ABE8834E293282EA00DCFA2E /* DataController.swift */; };
		AB8FA66F29399F4300E29AD3 /* View+eraseToAnyView().swift in Sources */ = {isa = PBXBuildFile; fileRef = ABE41049293701D400E053A9 /* View+eraseToAnyView().swift */; };
		AB8FA67029399F4300E29AD3 /* Notification.Name+CustomNames.swift in Sources */ = {isa = PBXBuildFile; fileRef = ABF248F4293402D800FC7782 /* Notification.Name+CustomNames.swift */; };
		AB8FA67129399F4300E29AD3 /* Date+CustomFormats.swift in Sources */ = {isa = PBXBuildFile; fileRef = ABF248F82934346E00FC7782 /* Date+CustomFormats.swift */; };
		AB9B0D852937A92900A86C27 /* RepSet+Helpers.swift in Sources */ = {isa = PBXBuildFile; fileRef = AB9B0D842937A92900A86C27 /* RepSet+Helpers.swift */; };
		AB9B0D872937AC1C00A86C27 /* ExerciseGroupBox.swift in Sources */ = {isa = PBXBuildFile; fileRef = AB9B0D862937AC1C00A86C27 /* ExerciseGroupBox.swift */; };
		ABB02E0529365BE800E3D9D7 /* WorkoutDetailsViewSheetNavigator.swift in Sources */ = {isa = PBXBuildFile; fileRef = ABB02E0429365BE800E3D9D7 /* WorkoutDetailsViewSheetNavigator.swift */; };
		ABD3E3862934FE790007EF85 /* ExerciseRepsList.swift in Sources */ = {isa = PBXBuildFile; fileRef = ABD3E3852934FE790007EF85 /* ExerciseRepsList.swift */; };
		ABE410382936C65500E053A9 /* AddExerciseView.swift in Sources */ = {isa = PBXBuildFile; fileRef = ABE410372936C65500E053A9 /* AddExerciseView.swift */; };
		ABE4103A2936C75600E053A9 /* AddExerciseViewModel.swift in Sources */ = {isa = PBXBuildFile; fileRef = ABE410392936C75600E053A9 /* AddExerciseViewModel.swift */; };
		ABE410412936D40D00E053A9 /* Exercise+CoreDataClass.swift in Sources */ = {isa = PBXBuildFile; fileRef = ABE4103B2936D40D00E053A9 /* Exercise+CoreDataClass.swift */; };
		ABE410422936D40D00E053A9 /* Exercise+CoreDataProperties.swift in Sources */ = {isa = PBXBuildFile; fileRef = ABE4103C2936D40D00E053A9 /* Exercise+CoreDataProperties.swift */; };
		ABE410452936D40D00E053A9 /* Workout+CoreDataClass.swift in Sources */ = {isa = PBXBuildFile; fileRef = ABE4103F2936D40D00E053A9 /* Workout+CoreDataClass.swift */; };
		ABE410462936D40D00E053A9 /* Workout+CoreDataProperties.swift in Sources */ = {isa = PBXBuildFile; fileRef = ABE410402936D40D00E053A9 /* Workout+CoreDataProperties.swift */; };
		ABE410482936FFFB00E053A9 /* ExercisesList.swift in Sources */ = {isa = PBXBuildFile; fileRef = ABE410472936FFFB00E053A9 /* ExercisesList.swift */; };
		ABE4104A293701D400E053A9 /* View+eraseToAnyView().swift in Sources */ = {isa = PBXBuildFile; fileRef = ABE41049293701D400E053A9 /* View+eraseToAnyView().swift */; };
		ABE88346293282E900DCFA2E /* RepBuddyApp.swift in Sources */ = {isa = PBXBuildFile; fileRef = ABE88345293282E900DCFA2E /* RepBuddyApp.swift */; };
		ABE88348293282E900DCFA2E /* ExercisesView.swift in Sources */ = {isa = PBXBuildFile; fileRef = ABE88347293282E900DCFA2E /* ExercisesView.swift */; };
		ABE8834A293282EA00DCFA2E /* Assets.xcassets in Resources */ = {isa = PBXBuildFile; fileRef = ABE88349293282EA00DCFA2E /* Assets.xcassets */; };
		ABE8834D293282EA00DCFA2E /* Preview Assets.xcassets in Resources */ = {isa = PBXBuildFile; fileRef = ABE8834C293282EA00DCFA2E /* Preview Assets.xcassets */; };
		ABE8834F293282EA00DCFA2E /* DataController.swift in Sources */ = {isa = PBXBuildFile; fileRef = ABE8834E293282EA00DCFA2E /* DataController.swift */; };
		ABE88352293282EA00DCFA2E /* RepBuddy.xcdatamodeld in Sources */ = {isa = PBXBuildFile; fileRef = ABE88350293282EA00DCFA2E /* RepBuddy.xcdatamodeld */; };
		ABF248F5293402D800FC7782 /* Notification.Name+CustomNames.swift in Sources */ = {isa = PBXBuildFile; fileRef = ABF248F4293402D800FC7782 /* Notification.Name+CustomNames.swift */; };
		ABF248F729342EE700FC7782 /* NotificationConstants.swift in Sources */ = {isa = PBXBuildFile; fileRef = ABF248F629342EE700FC7782 /* NotificationConstants.swift */; };
		ABF248F92934346E00FC7782 /* Date+CustomFormats.swift in Sources */ = {isa = PBXBuildFile; fileRef = ABF248F82934346E00FC7782 /* Date+CustomFormats.swift */; };
		ABF248FE2934375100FC7782 /* ExerciseDetailsViewModel.swift in Sources */ = {isa = PBXBuildFile; fileRef = ABF248FD2934375100FC7782 /* ExerciseDetailsViewModel.swift */; };
		ABF249042934378500FC7782 /* ExerciseDetailsView.swift in Sources */ = {isa = PBXBuildFile; fileRef = ABF249032934378500FC7782 /* ExerciseDetailsView.swift */; };
		ABF2490729343C3C00FC7782 /* WorkoutDetailsViewModel.swift in Sources */ = {isa = PBXBuildFile; fileRef = ABF2490629343C3C00FC7782 /* WorkoutDetailsViewModel.swift */; };
		ABF2490929343C4200FC7782 /* WorkoutDetailsView.swift in Sources */ = {isa = PBXBuildFile; fileRef = ABF2490829343C4200FC7782 /* WorkoutDetailsView.swift */; };
		ABF2490C29344AC600FC7782 /* AddEditRepSetView.swift in Sources */ = {isa = PBXBuildFile; fileRef = ABF2490B29344AC600FC7782 /* AddEditRepSetView.swift */; };
		ABF2490E29344ACD00FC7782 /* AddEditRepSetViewModel.swift in Sources */ = {isa = PBXBuildFile; fileRef = ABF2490D29344ACD00FC7782 /* AddEditRepSetViewModel.swift */; };
		ABF249252934591E00FC7782 /* WorkoutDetailsViewModel+NSFetchedResultsControllerDelegate.swift in Sources */ = {isa = PBXBuildFile; fileRef = ABF249242934591E00FC7782 /* WorkoutDetailsViewModel+NSFetchedResultsControllerDelegate.swift */; };
		ABFD9A222938EB3200FAF7C1 /* RepBuddyAppleWatchApp.swift in Sources */ = {isa = PBXBuildFile; fileRef = ABFD9A212938EB3200FAF7C1 /* RepBuddyAppleWatchApp.swift */; };
		ABFD9A242938EB3200FAF7C1 /* WorkoutsView.swift in Sources */ = {isa = PBXBuildFile; fileRef = ABFD9A232938EB3200FAF7C1 /* WorkoutsView.swift */; };
		ABFD9A262938EB3300FAF7C1 /* Assets.xcassets in Resources */ = {isa = PBXBuildFile; fileRef = ABFD9A252938EB3300FAF7C1 /* Assets.xcassets */; };
		ABFD9A292938EB3300FAF7C1 /* Preview Assets.xcassets in Resources */ = {isa = PBXBuildFile; fileRef = ABFD9A282938EB3300FAF7C1 /* Preview Assets.xcassets */; };
		ABFD9A2C2938EB3300FAF7C1 /* RepBuddyAppleWatch Watch App.app in Embed Watch Content */ = {isa = PBXBuildFile; fileRef = ABFD9A1F2938EB3200FAF7C1 /* RepBuddyAppleWatch Watch App.app */; settings = {ATTRIBUTES = (RemoveHeadersOnCopy, ); }; };
/* End PBXBuildFile section */

/* Begin PBXContainerItemProxy section */
		ABFD9A2A2938EB3300FAF7C1 /* PBXContainerItemProxy */ = {
			isa = PBXContainerItemProxy;
			containerPortal = ABE8833A293282E900DCFA2E /* Project object */;
			proxyType = 1;
			remoteGlobalIDString = ABFD9A1E2938EB3200FAF7C1;
			remoteInfo = "RepBuddyAppleWatch Watch App";
		};
/* End PBXContainerItemProxy section */

/* Begin PBXCopyFilesBuildPhase section */
		ABFD9A2D2938EB3300FAF7C1 /* Embed Watch Content */ = {
			isa = PBXCopyFilesBuildPhase;
			buildActionMask = 2147483647;
			dstPath = "$(CONTENTS_FOLDER_PATH)/Watch";
			dstSubfolderSpec = 16;
			files = (
				ABFD9A2C2938EB3300FAF7C1 /* RepBuddyAppleWatch Watch App.app in Embed Watch Content */,
			);
			name = "Embed Watch Content";
			runOnlyForDeploymentPostprocessing = 0;
		};
/* End PBXCopyFilesBuildPhase section */

/* Begin PBXFileReference section */
		AB0445262937188500821885 /* RepSet+CoreDataClass.swift */ = {isa = PBXFileReference; lastKnownFileType = sourcecode.swift; path = "RepSet+CoreDataClass.swift"; sourceTree = "<group>"; };
		AB0445272937188500821885 /* RepSet+CoreDataProperties.swift */ = {isa = PBXFileReference; lastKnownFileType = sourcecode.swift; path = "RepSet+CoreDataProperties.swift"; sourceTree = "<group>"; };
		AB04452A2937233E00821885 /* ExerciseSetChart.swift */ = {isa = PBXFileReference; lastKnownFileType = sourcecode.swift; path = ExerciseSetChart.swift; sourceTree = "<group>"; };
		AB09F0B1293AEBDB00EF458B /* ExerciseInWorkoutDetailsViewModel copy.swift */ = {isa = PBXFileReference; lastKnownFileType = sourcecode.swift; path = "ExerciseInWorkoutDetailsViewModel copy.swift"; sourceTree = "<group>"; };
		AB2B99352939A91C006DE3DE /* WorkoutDetailsView.swift */ = {isa = PBXFileReference; lastKnownFileType = sourcecode.swift; path = WorkoutDetailsView.swift; sourceTree = "<group>"; };
		AB2B99372939A92B006DE3DE /* WorkoutDetailsViewModel.swift */ = {isa = PBXFileReference; lastKnownFileType = sourcecode.swift; path = WorkoutDetailsViewModel.swift; sourceTree = "<group>"; };
		AB2B993A2939AAA3006DE3DE /* ExercisesList.swift */ = {isa = PBXFileReference; lastKnownFileType = sourcecode.swift; path = ExercisesList.swift; sourceTree = "<group>"; };
		AB2B993D2939AB2D006DE3DE /* WorkoutDetailsViewModel+NSFetchedResultsControllerDelegate.swift */ = {isa = PBXFileReference; lastKnownFileType = sourcecode.swift; path = "WorkoutDetailsViewModel+NSFetchedResultsControllerDelegate.swift"; sourceTree = "<group>"; };
		AB2FF931293E2E4A00E4ABA6 /* Notes.rtf */ = {isa = PBXFileReference; lastKnownFileType = text.rtf; path = Notes.rtf; sourceTree = "<group>"; };
		AB2FF933293E44A400E4ABA6 /* AlertConstants.swift */ = {isa = PBXFileReference; lastKnownFileType = sourcecode.swift; path = AlertConstants.swift; sourceTree = "<group>"; };
		AB3FBEF6293285B5006F8621 /* ExercisesViewModel.swift */ = {isa = PBXFileReference; lastKnownFileType = sourcecode.swift; path = ExercisesViewModel.swift; sourceTree = "<group>"; };
		AB3FBEF829328790006F8621 /* CoreDataConstants.swift */ = {isa = PBXFileReference; lastKnownFileType = sourcecode.swift; path = CoreDataConstants.swift; sourceTree = "<group>"; };
		AB3FBEFA2932885F006F8621 /* ExercisesViewModel+NSFetchedResultsControllerDelegate.swift */ = {isa = PBXFileReference; lastKnownFileType = sourcecode.swift; path = "ExercisesViewModel+NSFetchedResultsControllerDelegate.swift"; sourceTree = "<group>"; };
		AB3FBF0129328DC2006F8621 /* AddEditExerciseView.swift */ = {isa = PBXFileReference; lastKnownFileType = sourcecode.swift; path = AddEditExerciseView.swift; sourceTree = "<group>"; };
		AB3FBF0629329F94006F8621 /* AddEditExerciseViewModel.swift */ = {isa = PBXFileReference; lastKnownFileType = sourcecode.swift; path = AddEditExerciseViewModel.swift; sourceTree = "<group>"; };
		AB3FBF0E2932ADCF006F8621 /* WeightUnit.swift */ = {isa = PBXFileReference; lastKnownFileType = sourcecode.swift; path = WeightUnit.swift; sourceTree = "<group>"; };
		AB3FBF112932B038006F8621 /* Muscle.swift */ = {isa = PBXFileReference; lastKnownFileType = sourcecode.swift; path = Muscle.swift; sourceTree = "<group>"; };
		AB3FBF192932BB87006F8621 /* RootView.swift */ = {isa = PBXFileReference; lastKnownFileType = sourcecode.swift; path = RootView.swift; sourceTree = "<group>"; };
		AB3FBF1B2932BC04006F8621 /* RootViewModel.swift */ = {isa = PBXFileReference; lastKnownFileType = sourcecode.swift; path = RootViewModel.swift; sourceTree = "<group>"; };
		AB3FBF1E2932BDC7006F8621 /* WorkoutsView.swift */ = {isa = PBXFileReference; lastKnownFileType = sourcecode.swift; path = WorkoutsView.swift; sourceTree = "<group>"; };
		AB3FBF202932BDF7006F8621 /* WorkoutsViewModel.swift */ = {isa = PBXFileReference; lastKnownFileType = sourcecode.swift; path = WorkoutsViewModel.swift; sourceTree = "<group>"; };
		AB3FBF222932C245006F8621 /* WorkoutType.swift */ = {isa = PBXFileReference; lastKnownFileType = sourcecode.swift; path = WorkoutType.swift; sourceTree = "<group>"; };
		AB3FBF252932C2BC006F8621 /* AddEditWorkoutView.swift */ = {isa = PBXFileReference; lastKnownFileType = sourcecode.swift; path = AddEditWorkoutView.swift; sourceTree = "<group>"; };
		AB3FBF272932C2C4006F8621 /* AddEditWorkoutViewModel.swift */ = {isa = PBXFileReference; lastKnownFileType = sourcecode.swift; path = AddEditWorkoutViewModel.swift; sourceTree = "<group>"; };
		AB3FBF292932C334006F8621 /* WorkoutsViewModel+NSFetchedResultsControllerDelegate.swift */ = {isa = PBXFileReference; lastKnownFileType = sourcecode.swift; path = "WorkoutsViewModel+NSFetchedResultsControllerDelegate.swift"; sourceTree = "<group>"; };
		AB3FBF372932C608006F8621 /* Workout+Helpers.swift */ = {isa = PBXFileReference; lastKnownFileType = sourcecode.swift; path = "Workout+Helpers.swift"; sourceTree = "<group>"; };
		AB3FBF392932C62B006F8621 /* Exercise+Helpers.swift */ = {isa = PBXFileReference; lastKnownFileType = sourcecode.swift; path = "Exercise+Helpers.swift"; sourceTree = "<group>"; };
		AB4422FB2938FA9400CA71EB /* WorkoutsViewModel.swift */ = {isa = PBXFileReference; lastKnownFileType = sourcecode.swift; path = WorkoutsViewModel.swift; sourceTree = "<group>"; };
		AB815E0D2939A036007F7859 /* AddEditWorkoutViewModel.swift */ = {isa = PBXFileReference; lastKnownFileType = sourcecode.swift; path = AddEditWorkoutViewModel.swift; sourceTree = "<group>"; };
		AB827524293A3541000EEFD6 /* AddExerciseView.swift */ = {isa = PBXFileReference; lastKnownFileType = sourcecode.swift; path = AddExerciseView.swift; sourceTree = "<group>"; };
		AB827526293A3550000EEFD6 /* AddExerciseViewModel.swift */ = {isa = PBXFileReference; lastKnownFileType = sourcecode.swift; path = AddExerciseViewModel.swift; sourceTree = "<group>"; };
		AB827529293A3656000EEFD6 /* WorkoutDetailsViewSheetNavigator.swift */ = {isa = PBXFileReference; lastKnownFileType = sourcecode.swift; path = WorkoutDetailsViewSheetNavigator.swift; sourceTree = "<group>"; };
		AB82752B293A3672000EEFD6 /* AddEditRepSetView.swift */ = {isa = PBXFileReference; lastKnownFileType = sourcecode.swift; path = AddEditRepSetView.swift; sourceTree = "<group>"; };
		AB82752C293A3672000EEFD6 /* AddEditRepSetViewModel.swift */ = {isa = PBXFileReference; lastKnownFileType = sourcecode.swift; path = AddEditRepSetViewModel.swift; sourceTree = "<group>"; };
		AB827531293A3AF4000EEFD6 /* RootView.swift */ = {isa = PBXFileReference; lastKnownFileType = sourcecode.swift; path = RootView.swift; sourceTree = "<group>"; };
		AB827533293A3B0C000EEFD6 /* RootViewModel.swift */ = {isa = PBXFileReference; lastKnownFileType = sourcecode.swift; path = RootViewModel.swift; sourceTree = "<group>"; };
		AB827536293A3B4D000EEFD6 /* ExercisesView.swift */ = {isa = PBXFileReference; lastKnownFileType = sourcecode.swift; path = ExercisesView.swift; sourceTree = "<group>"; };
		AB827538293A3B59000EEFD6 /* ExercisesViewModel.swift */ = {isa = PBXFileReference; lastKnownFileType = sourcecode.swift; path = ExercisesViewModel.swift; sourceTree = "<group>"; };
		AB82753A293A3B5C000EEFD6 /* ExercisesViewModel+NSFetchedResultsControllerDelegate.swift */ = {isa = PBXFileReference; lastKnownFileType = sourcecode.swift; path = "ExercisesViewModel+NSFetchedResultsControllerDelegate.swift"; sourceTree = "<group>"; };
		AB827542293A3BBB000EEFD6 /* ExerciseDetailsView.swift */ = {isa = PBXFileReference; lastKnownFileType = sourcecode.swift; path = ExerciseDetailsView.swift; sourceTree = "<group>"; };
		AB827543293A3BBB000EEFD6 /* ExerciseDetailsViewModel.swift */ = {isa = PBXFileReference; lastKnownFileType = sourcecode.swift; path = ExerciseDetailsViewModel.swift; sourceTree = "<group>"; };
		AB827547293A3BD2000EEFD6 /* AddEditExerciseViewModel.swift */ = {isa = PBXFileReference; lastKnownFileType = sourcecode.swift; path = AddEditExerciseViewModel.swift; sourceTree = "<group>"; };
		AB827548293A3BD2000EEFD6 /* AddEditExerciseView.swift */ = {isa = PBXFileReference; lastKnownFileType = sourcecode.swift; path = AddEditExerciseView.swift; sourceTree = "<group>"; };
		AB82754B293A4E38000EEFD6 /* WorkoutsViewModel+NSFetchedResultsControllerDelegate.swift */ = {isa = PBXFileReference; lastKnownFileType = sourcecode.swift; path = "WorkoutsViewModel+NSFetchedResultsControllerDelegate.swift"; sourceTree = "<group>"; };
		AB82754E293A58D5000EEFD6 /* ExerciseInWorkoutDetailsView.swift */ = {isa = PBXFileReference; lastKnownFileType = sourcecode.swift; path = ExerciseInWorkoutDetailsView.swift; sourceTree = "<group>"; };
		AB827550293A58DD000EEFD6 /* ExerciseInWorkoutDetailsViewModel.swift */ = {isa = PBXFileReference; lastKnownFileType = sourcecode.swift; path = ExerciseInWorkoutDetailsViewModel.swift; sourceTree = "<group>"; };
		AB827552293A5AA1000EEFD6 /* ExerciseSetChart.swift */ = {isa = PBXFileReference; lastKnownFileType = sourcecode.swift; path = ExerciseSetChart.swift; sourceTree = "<group>"; };
		AB8FA66029399E1A00E29AD3 /* AddEditWorkoutView.swift */ = {isa = PBXFileReference; lastKnownFileType = sourcecode.swift; path = AddEditWorkoutView.swift; sourceTree = "<group>"; };
		AB9B0D842937A92900A86C27 /* RepSet+Helpers.swift */ = {isa = PBXFileReference; lastKnownFileType = sourcecode.swift; path = "RepSet+Helpers.swift"; sourceTree = "<group>"; };
		AB9B0D862937AC1C00A86C27 /* ExerciseGroupBox.swift */ = {isa = PBXFileReference; lastKnownFileType = sourcecode.swift; path = ExerciseGroupBox.swift; sourceTree = "<group>"; };
		ABB02E0429365BE800E3D9D7 /* WorkoutDetailsViewSheetNavigator.swift */ = {isa = PBXFileReference; lastKnownFileType = sourcecode.swift; path = WorkoutDetailsViewSheetNavigator.swift; sourceTree = "<group>"; };
		ABD3E3852934FE790007EF85 /* ExerciseRepsList.swift */ = {isa = PBXFileReference; lastKnownFileType = sourcecode.swift; path = ExerciseRepsList.swift; sourceTree = "<group>"; };
		ABE410372936C65500E053A9 /* AddExerciseView.swift */ = {isa = PBXFileReference; lastKnownFileType = sourcecode.swift; path = AddExerciseView.swift; sourceTree = "<group>"; };
		ABE410392936C75600E053A9 /* AddExerciseViewModel.swift */ = {isa = PBXFileReference; lastKnownFileType = sourcecode.swift; path = AddExerciseViewModel.swift; sourceTree = "<group>"; };
		ABE4103B2936D40D00E053A9 /* Exercise+CoreDataClass.swift */ = {isa = PBXFileReference; lastKnownFileType = sourcecode.swift; path = "Exercise+CoreDataClass.swift"; sourceTree = "<group>"; };
		ABE4103C2936D40D00E053A9 /* Exercise+CoreDataProperties.swift */ = {isa = PBXFileReference; lastKnownFileType = sourcecode.swift; path = "Exercise+CoreDataProperties.swift"; sourceTree = "<group>"; };
		ABE4103F2936D40D00E053A9 /* Workout+CoreDataClass.swift */ = {isa = PBXFileReference; lastKnownFileType = sourcecode.swift; path = "Workout+CoreDataClass.swift"; sourceTree = "<group>"; };
		ABE410402936D40D00E053A9 /* Workout+CoreDataProperties.swift */ = {isa = PBXFileReference; lastKnownFileType = sourcecode.swift; path = "Workout+CoreDataProperties.swift"; sourceTree = "<group>"; };
		ABE410472936FFFB00E053A9 /* ExercisesList.swift */ = {isa = PBXFileReference; lastKnownFileType = sourcecode.swift; path = ExercisesList.swift; sourceTree = "<group>"; };
		ABE41049293701D400E053A9 /* View+eraseToAnyView().swift */ = {isa = PBXFileReference; lastKnownFileType = sourcecode.swift; path = "View+eraseToAnyView().swift"; sourceTree = "<group>"; };
		ABE88342293282E900DCFA2E /* RepBuddy.app */ = {isa = PBXFileReference; explicitFileType = wrapper.application; includeInIndex = 0; path = RepBuddy.app; sourceTree = BUILT_PRODUCTS_DIR; };
		ABE88345293282E900DCFA2E /* RepBuddyApp.swift */ = {isa = PBXFileReference; lastKnownFileType = sourcecode.swift; path = RepBuddyApp.swift; sourceTree = "<group>"; };
		ABE88347293282E900DCFA2E /* ExercisesView.swift */ = {isa = PBXFileReference; lastKnownFileType = sourcecode.swift; path = ExercisesView.swift; sourceTree = "<group>"; };
		ABE88349293282EA00DCFA2E /* Assets.xcassets */ = {isa = PBXFileReference; lastKnownFileType = folder.assetcatalog; path = Assets.xcassets; sourceTree = "<group>"; };
		ABE8834C293282EA00DCFA2E /* Preview Assets.xcassets */ = {isa = PBXFileReference; lastKnownFileType = folder.assetcatalog; path = "Preview Assets.xcassets"; sourceTree = "<group>"; };
		ABE8834E293282EA00DCFA2E /* DataController.swift */ = {isa = PBXFileReference; lastKnownFileType = sourcecode.swift; path = DataController.swift; sourceTree = "<group>"; };
		ABE88351293282EA00DCFA2E /* RepBuddy.xcdatamodel */ = {isa = PBXFileReference; lastKnownFileType = wrapper.xcdatamodel; path = RepBuddy.xcdatamodel; sourceTree = "<group>"; };
		ABE88353293282EA00DCFA2E /* Info.plist */ = {isa = PBXFileReference; lastKnownFileType = text.plist.xml; path = Info.plist; sourceTree = "<group>"; };
		ABF248F4293402D800FC7782 /* Notification.Name+CustomNames.swift */ = {isa = PBXFileReference; lastKnownFileType = sourcecode.swift; path = "Notification.Name+CustomNames.swift"; sourceTree = "<group>"; };
		ABF248F629342EE700FC7782 /* NotificationConstants.swift */ = {isa = PBXFileReference; lastKnownFileType = sourcecode.swift; path = NotificationConstants.swift; sourceTree = "<group>"; };
		ABF248F82934346E00FC7782 /* Date+CustomFormats.swift */ = {isa = PBXFileReference; lastKnownFileType = sourcecode.swift; path = "Date+CustomFormats.swift"; sourceTree = "<group>"; };
		ABF248FD2934375100FC7782 /* ExerciseDetailsViewModel.swift */ = {isa = PBXFileReference; lastKnownFileType = sourcecode.swift; path = ExerciseDetailsViewModel.swift; sourceTree = "<group>"; };
		ABF249032934378500FC7782 /* ExerciseDetailsView.swift */ = {isa = PBXFileReference; lastKnownFileType = sourcecode.swift; path = ExerciseDetailsView.swift; sourceTree = "<group>"; };
		ABF2490629343C3C00FC7782 /* WorkoutDetailsViewModel.swift */ = {isa = PBXFileReference; lastKnownFileType = sourcecode.swift; path = WorkoutDetailsViewModel.swift; sourceTree = "<group>"; };
		ABF2490829343C4200FC7782 /* WorkoutDetailsView.swift */ = {isa = PBXFileReference; lastKnownFileType = sourcecode.swift; path = WorkoutDetailsView.swift; sourceTree = "<group>"; };
		ABF2490B29344AC600FC7782 /* AddEditRepSetView.swift */ = {isa = PBXFileReference; lastKnownFileType = sourcecode.swift; path = AddEditRepSetView.swift; sourceTree = "<group>"; };
		ABF2490D29344ACD00FC7782 /* AddEditRepSetViewModel.swift */ = {isa = PBXFileReference; lastKnownFileType = sourcecode.swift; path = AddEditRepSetViewModel.swift; sourceTree = "<group>"; };
		ABF249242934591E00FC7782 /* WorkoutDetailsViewModel+NSFetchedResultsControllerDelegate.swift */ = {isa = PBXFileReference; lastKnownFileType = sourcecode.swift; path = "WorkoutDetailsViewModel+NSFetchedResultsControllerDelegate.swift"; sourceTree = "<group>"; };
		ABFD9A1F2938EB3200FAF7C1 /* RepBuddyAppleWatch Watch App.app */ = {isa = PBXFileReference; explicitFileType = wrapper.application; includeInIndex = 0; path = "RepBuddyAppleWatch Watch App.app"; sourceTree = BUILT_PRODUCTS_DIR; };
		ABFD9A212938EB3200FAF7C1 /* RepBuddyAppleWatchApp.swift */ = {isa = PBXFileReference; lastKnownFileType = sourcecode.swift; path = RepBuddyAppleWatchApp.swift; sourceTree = "<group>"; };
		ABFD9A232938EB3200FAF7C1 /* WorkoutsView.swift */ = {isa = PBXFileReference; lastKnownFileType = sourcecode.swift; path = WorkoutsView.swift; sourceTree = "<group>"; };
		ABFD9A252938EB3300FAF7C1 /* Assets.xcassets */ = {isa = PBXFileReference; lastKnownFileType = folder.assetcatalog; path = Assets.xcassets; sourceTree = "<group>"; };
		ABFD9A282938EB3300FAF7C1 /* Preview Assets.xcassets */ = {isa = PBXFileReference; lastKnownFileType = folder.assetcatalog; path = "Preview Assets.xcassets"; sourceTree = "<group>"; };
		ABFD9A332938ED9200FAF7C1 /* RepBuddy.entitlements */ = {isa = PBXFileReference; lastKnownFileType = text.plist.entitlements; path = RepBuddy.entitlements; sourceTree = "<group>"; };
		ABFD9A342938F63A00FAF7C1 /* RepBuddyAppleWatch-Watch-App-Info.plist */ = {isa = PBXFileReference; lastKnownFileType = text.plist; path = "RepBuddyAppleWatch-Watch-App-Info.plist"; sourceTree = SOURCE_ROOT; };
		ABFD9A352938F64200FAF7C1 /* RepBuddyAppleWatch Watch App.entitlements */ = {isa = PBXFileReference; lastKnownFileType = text.plist.entitlements; path = "RepBuddyAppleWatch Watch App.entitlements"; sourceTree = "<group>"; };
		ABFD9A372938F65C00FAF7C1 /* RepBuddy.xcdatamodel */ = {isa = PBXFileReference; lastKnownFileType = wrapper.xcdatamodel; path = RepBuddy.xcdatamodel; sourceTree = "<group>"; };
/* End PBXFileReference section */

/* Begin PBXFrameworksBuildPhase section */
		ABE8833F293282E900DCFA2E /* Frameworks */ = {
			isa = PBXFrameworksBuildPhase;
			buildActionMask = 2147483647;
			files = (
			);
			runOnlyForDeploymentPostprocessing = 0;
		};
		ABFD9A1C2938EB3200FAF7C1 /* Frameworks */ = {
			isa = PBXFrameworksBuildPhase;
			buildActionMask = 2147483647;
			files = (
			);
			runOnlyForDeploymentPostprocessing = 0;
		};
/* End PBXFrameworksBuildPhase section */

/* Begin PBXGroup section */
		AB2B99342939A913006DE3DE /* Workout Details */ = {
			isa = PBXGroup;
			children = (
				AB2B99352939A91C006DE3DE /* WorkoutDetailsView.swift */,
				AB2B993A2939AAA3006DE3DE /* ExercisesList.swift */,
				AB827529293A3656000EEFD6 /* WorkoutDetailsViewSheetNavigator.swift */,
				AB2B99372939A92B006DE3DE /* WorkoutDetailsViewModel.swift */,
				AB2B993D2939AB2D006DE3DE /* WorkoutDetailsViewModel+NSFetchedResultsControllerDelegate.swift */,
				AB827523293A3538000EEFD6 /* Add Exercise  */,
				AB82754D293A58BF000EEFD6 /* Exercise In Workout Details */,
				AB82752F293A3674000EEFD6 /* Add Edit RepSet */,
			);
			path = "Workout Details";
			sourceTree = "<group>";
		};
		AB3FBF0029328B24006F8621 /* Model */ = {
			isa = PBXGroup;
			children = (
				AB3FBF3D2932C65E006F8621 /* Classes */,
				AB3FBF3E2932C663006F8621 /* Enums */,
			);
			path = Model;
			sourceTree = "<group>";
		};
		AB3FBF0329328DC9006F8621 /* Views */ = {
			isa = PBXGroup;
			children = (
				AB3FBF182932BB7F006F8621 /* Root */,
				AB3FBF0429328DCC006F8621 /* Exercises */,
				AB3FBF1D2932BDB5006F8621 /* Workouts */,
			);
			path = Views;
			sourceTree = "<group>";
		};
		AB3FBF0429328DCC006F8621 /* Exercises */ = {
			isa = PBXGroup;
			children = (
				ABE88347293282E900DCFA2E /* ExercisesView.swift */,
				AB3FBEF6293285B5006F8621 /* ExercisesViewModel.swift */,
				AB3FBEFA2932885F006F8621 /* ExercisesViewModel+NSFetchedResultsControllerDelegate.swift */,
				AB3FBF0529328DD9006F8621 /* AddEditExercise */,
				ABF248FC2934374700FC7782 /* ExerciseDetails */,
			);
			path = Exercises;
			sourceTree = "<group>";
		};
		AB3FBF0529328DD9006F8621 /* AddEditExercise */ = {
			isa = PBXGroup;
			children = (
				AB3FBF0129328DC2006F8621 /* AddEditExerciseView.swift */,
				AB3FBF0629329F94006F8621 /* AddEditExerciseViewModel.swift */,
			);
			path = AddEditExercise;
			sourceTree = "<group>";
		};
		AB3FBF082932A011006F8621 /* Utilities */ = {
			isa = PBXGroup;
			children = (
				AB3FBEF829328790006F8621 /* CoreDataConstants.swift */,
				ABF248F629342EE700FC7782 /* NotificationConstants.swift */,
				AB2FF933293E44A400E4ABA6 /* AlertConstants.swift */,
			);
			path = Utilities;
			sourceTree = "<group>";
		};
		AB3FBF092932A015006F8621 /* Controllers */ = {
			isa = PBXGroup;
			children = (
				ABE8834E293282EA00DCFA2E /* DataController.swift */,
			);
			path = Controllers;
			sourceTree = "<group>";
		};
		AB3FBF182932BB7F006F8621 /* Root */ = {
			isa = PBXGroup;
			children = (
				AB3FBF192932BB87006F8621 /* RootView.swift */,
				AB3FBF1B2932BC04006F8621 /* RootViewModel.swift */,
			);
			path = Root;
			sourceTree = "<group>";
		};
		AB3FBF1D2932BDB5006F8621 /* Workouts */ = {
			isa = PBXGroup;
			children = (
				AB3FBF1E2932BDC7006F8621 /* WorkoutsView.swift */,
				AB3FBF202932BDF7006F8621 /* WorkoutsViewModel.swift */,
				AB3FBF292932C334006F8621 /* WorkoutsViewModel+NSFetchedResultsControllerDelegate.swift */,
				ABF2490529343C1500FC7782 /* Workout Details */,
				AB3FBF242932C2B1006F8621 /* AddEditWorkout */,
				ABF2490A29344AAB00FC7782 /* AddEditRepSet */,
			);
			path = Workouts;
			sourceTree = "<group>";
		};
		AB3FBF242932C2B1006F8621 /* AddEditWorkout */ = {
			isa = PBXGroup;
			children = (
				AB3FBF252932C2BC006F8621 /* AddEditWorkoutView.swift */,
				AB3FBF272932C2C4006F8621 /* AddEditWorkoutViewModel.swift */,
			);
			path = AddEditWorkout;
			sourceTree = "<group>";
		};
		AB3FBF3B2932C649006F8621 /* Exercise */ = {
			isa = PBXGroup;
			children = (
				ABE4103B2936D40D00E053A9 /* Exercise+CoreDataClass.swift */,
				ABE4103C2936D40D00E053A9 /* Exercise+CoreDataProperties.swift */,
				AB3FBF392932C62B006F8621 /* Exercise+Helpers.swift */,
			);
			path = Exercise;
			sourceTree = "<group>";
		};
		AB3FBF3C2932C64D006F8621 /* Workout */ = {
			isa = PBXGroup;
			children = (
				ABE4103F2936D40D00E053A9 /* Workout+CoreDataClass.swift */,
				ABE410402936D40D00E053A9 /* Workout+CoreDataProperties.swift */,
				AB3FBF372932C608006F8621 /* Workout+Helpers.swift */,
			);
			path = Workout;
			sourceTree = "<group>";
		};
		AB3FBF3D2932C65E006F8621 /* Classes */ = {
			isa = PBXGroup;
			children = (
				ABF2490F29344B5600FC7782 /* RepSet */,
				AB3FBF3B2932C649006F8621 /* Exercise */,
				AB3FBF3C2932C64D006F8621 /* Workout */,
			);
			path = Classes;
			sourceTree = "<group>";
		};
		AB3FBF3E2932C663006F8621 /* Enums */ = {
			isa = PBXGroup;
			children = (
				AB3FBF0E2932ADCF006F8621 /* WeightUnit.swift */,
				AB3FBF112932B038006F8621 /* Muscle.swift */,
				AB3FBF222932C245006F8621 /* WorkoutType.swift */,
			);
			path = Enums;
			sourceTree = "<group>";
		};
		AB827523293A3538000EEFD6 /* Add Exercise  */ = {
			isa = PBXGroup;
			children = (
				AB827524293A3541000EEFD6 /* AddExerciseView.swift */,
				AB827526293A3550000EEFD6 /* AddExerciseViewModel.swift */,
			);
			path = "Add Exercise ";
			sourceTree = "<group>";
		};
		AB82752F293A3674000EEFD6 /* Add Edit RepSet */ = {
			isa = PBXGroup;
			children = (
				AB82752B293A3672000EEFD6 /* AddEditRepSetView.swift */,
				AB82752C293A3672000EEFD6 /* AddEditRepSetViewModel.swift */,
			);
			path = "Add Edit RepSet";
			sourceTree = "<group>";
		};
		AB827530293A3AEC000EEFD6 /* Root */ = {
			isa = PBXGroup;
			children = (
				AB827531293A3AF4000EEFD6 /* RootView.swift */,
				AB827533293A3B0C000EEFD6 /* RootViewModel.swift */,
			);
			path = Root;
			sourceTree = "<group>";
		};
		AB827535293A3B31000EEFD6 /* Exercises */ = {
			isa = PBXGroup;
			children = (
				AB827536293A3B4D000EEFD6 /* ExercisesView.swift */,
				AB827538293A3B59000EEFD6 /* ExercisesViewModel.swift */,
				AB82753A293A3B5C000EEFD6 /* ExercisesViewModel+NSFetchedResultsControllerDelegate.swift */,
				AB827546293A3BD2000EEFD6 /* AddEditExercise */,
				AB827541293A3BBB000EEFD6 /* ExerciseDetails */,
			);
			path = Exercises;
			sourceTree = "<group>";
		};
		AB827541293A3BBB000EEFD6 /* ExerciseDetails */ = {
			isa = PBXGroup;
			children = (
				AB827542293A3BBB000EEFD6 /* ExerciseDetailsView.swift */,
				AB827543293A3BBB000EEFD6 /* ExerciseDetailsViewModel.swift */,
			);
			path = ExerciseDetails;
			sourceTree = "<group>";
		};
		AB827546293A3BD2000EEFD6 /* AddEditExercise */ = {
			isa = PBXGroup;
			children = (
				AB827548293A3BD2000EEFD6 /* AddEditExerciseView.swift */,
				AB827547293A3BD2000EEFD6 /* AddEditExerciseViewModel.swift */,
			);
			path = AddEditExercise;
			sourceTree = "<group>";
		};
		AB82754D293A58BF000EEFD6 /* Exercise In Workout Details */ = {
			isa = PBXGroup;
			children = (
				AB82754E293A58D5000EEFD6 /* ExerciseInWorkoutDetailsView.swift */,
				AB827552293A5AA1000EEFD6 /* ExerciseSetChart.swift */,
				AB09F0B1293AEBDB00EF458B /* ExerciseInWorkoutDetailsViewModel copy.swift */,
				AB827550293A58DD000EEFD6 /* ExerciseInWorkoutDetailsViewModel.swift */,
			);
			path = "Exercise In Workout Details";
			sourceTree = "<group>";
		};
		AB8FA65E29399E0A00E29AD3 /* Workouts */ = {
			isa = PBXGroup;
			children = (
				ABFD9A232938EB3200FAF7C1 /* WorkoutsView.swift */,
				AB4422FB2938FA9400CA71EB /* WorkoutsViewModel.swift */,
				AB82754B293A4E38000EEFD6 /* WorkoutsViewModel+NSFetchedResultsControllerDelegate.swift */,
				AB2B99342939A913006DE3DE /* Workout Details */,
				AB8FA65F29399E0E00E29AD3 /* Add Edit Workout */,
			);
			path = Workouts;
			sourceTree = "<group>";
		};
		AB8FA65F29399E0E00E29AD3 /* Add Edit Workout */ = {
			isa = PBXGroup;
			children = (
				AB8FA66029399E1A00E29AD3 /* AddEditWorkoutView.swift */,
				AB815E0D2939A036007F7859 /* AddEditWorkoutViewModel.swift */,
			);
			path = "Add Edit Workout";
			sourceTree = "<group>";
		};
		ABE410362936C64800E053A9 /* Add Exercise */ = {
			isa = PBXGroup;
			children = (
				ABE410372936C65500E053A9 /* AddExerciseView.swift */,
				ABE410392936C75600E053A9 /* AddExerciseViewModel.swift */,
			);
			path = "Add Exercise";
			sourceTree = "<group>";
		};
		ABE88339293282E900DCFA2E = {
			isa = PBXGroup;
			children = (
				ABE88344293282E900DCFA2E /* RepBuddy */,
				ABFD9A202938EB3200FAF7C1 /* RepBuddyAppleWatch Watch App */,
				ABE88343293282E900DCFA2E /* Products */,
			);
			sourceTree = "<group>";
		};
		ABE88343293282E900DCFA2E /* Products */ = {
			isa = PBXGroup;
			children = (
				ABE88342293282E900DCFA2E /* RepBuddy.app */,
				ABFD9A1F2938EB3200FAF7C1 /* RepBuddyAppleWatch Watch App.app */,
			);
			name = Products;
			sourceTree = "<group>";
		};
		ABE88344293282E900DCFA2E /* RepBuddy */ = {
			isa = PBXGroup;
			children = (
				ABE88345293282E900DCFA2E /* RepBuddyApp.swift */,
				AB3FBF0029328B24006F8621 /* Model */,
				AB3FBF0329328DC9006F8621 /* Views */,
				AB3FBF082932A011006F8621 /* Utilities */,
				AB3FBF092932A015006F8621 /* Controllers */,
				ABF248F3293402C100FC7782 /* Extensions */,
				ABE88349293282EA00DCFA2E /* Assets.xcassets */,
				ABFD9A332938ED9200FAF7C1 /* RepBuddy.entitlements */,
				ABE88353293282EA00DCFA2E /* Info.plist */,
				ABE88350293282EA00DCFA2E /* RepBuddy.xcdatamodeld */,
				ABE8834B293282EA00DCFA2E /* Preview Content */,
			);
			path = RepBuddy;
			sourceTree = "<group>";
		};
		ABE8834B293282EA00DCFA2E /* Preview Content */ = {
			isa = PBXGroup;
			children = (
				ABE8834C293282EA00DCFA2E /* Preview Assets.xcassets */,
			);
			path = "Preview Content";
			sourceTree = "<group>";
		};
		ABF248F3293402C100FC7782 /* Extensions */ = {
			isa = PBXGroup;
			children = (
				ABF248F4293402D800FC7782 /* Notification.Name+CustomNames.swift */,
				ABE41049293701D400E053A9 /* View+eraseToAnyView().swift */,
				ABF248F82934346E00FC7782 /* Date+CustomFormats.swift */,
			);
			path = Extensions;
			sourceTree = "<group>";
		};
		ABF248FC2934374700FC7782 /* ExerciseDetails */ = {
			isa = PBXGroup;
			children = (
				ABF249032934378500FC7782 /* ExerciseDetailsView.swift */,
				ABF248FD2934375100FC7782 /* ExerciseDetailsViewModel.swift */,
			);
			path = ExerciseDetails;
			sourceTree = "<group>";
		};
		ABF2490529343C1500FC7782 /* Workout Details */ = {
			isa = PBXGroup;
			children = (
				ABF2490829343C4200FC7782 /* WorkoutDetailsView.swift */,
				ABE410472936FFFB00E053A9 /* ExercisesList.swift */,
				AB9B0D862937AC1C00A86C27 /* ExerciseGroupBox.swift */,
				AB04452A2937233E00821885 /* ExerciseSetChart.swift */,
				ABD3E3852934FE790007EF85 /* ExerciseRepsList.swift */,
				ABB02E0429365BE800E3D9D7 /* WorkoutDetailsViewSheetNavigator.swift */,
				ABF2490629343C3C00FC7782 /* WorkoutDetailsViewModel.swift */,
				ABF249242934591E00FC7782 /* WorkoutDetailsViewModel+NSFetchedResultsControllerDelegate.swift */,
				ABE410362936C64800E053A9 /* Add Exercise */,
			);
			path = "Workout Details";
			sourceTree = "<group>";
		};
		ABF2490A29344AAB00FC7782 /* AddEditRepSet */ = {
			isa = PBXGroup;
			children = (
				ABF2490B29344AC600FC7782 /* AddEditRepSetView.swift */,
				ABF2490D29344ACD00FC7782 /* AddEditRepSetViewModel.swift */,
			);
			path = AddEditRepSet;
			sourceTree = "<group>";
		};
		ABF2490F29344B5600FC7782 /* RepSet */ = {
			isa = PBXGroup;
			children = (
				AB0445262937188500821885 /* RepSet+CoreDataClass.swift */,
				AB0445272937188500821885 /* RepSet+CoreDataProperties.swift */,
				AB9B0D842937A92900A86C27 /* RepSet+Helpers.swift */,
			);
			path = RepSet;
			sourceTree = "<group>";
		};
		ABFD9A202938EB3200FAF7C1 /* RepBuddyAppleWatch Watch App */ = {
			isa = PBXGroup;
			children = (
				AB2FF931293E2E4A00E4ABA6 /* Notes.rtf */,
				ABFD9A212938EB3200FAF7C1 /* RepBuddyAppleWatchApp.swift */,
				ABFD9A732938F70700FAF7C1 /* Views */,
				ABFD9A362938F65C00FAF7C1 /* RepBuddy.xcdatamodeld */,
				ABFD9A342938F63A00FAF7C1 /* RepBuddyAppleWatch-Watch-App-Info.plist */,
				ABFD9A252938EB3300FAF7C1 /* Assets.xcassets */,
				ABFD9A352938F64200FAF7C1 /* RepBuddyAppleWatch Watch App.entitlements */,
				ABFD9A272938EB3300FAF7C1 /* Preview Content */,
			);
			path = "RepBuddyAppleWatch Watch App";
			sourceTree = "<group>";
		};
		ABFD9A272938EB3300FAF7C1 /* Preview Content */ = {
			isa = PBXGroup;
			children = (
				ABFD9A282938EB3300FAF7C1 /* Preview Assets.xcassets */,
			);
			path = "Preview Content";
			sourceTree = "<group>";
		};
		ABFD9A732938F70700FAF7C1 /* Views */ = {
			isa = PBXGroup;
			children = (
				AB827530293A3AEC000EEFD6 /* Root */,
				AB827535293A3B31000EEFD6 /* Exercises */,
				AB8FA65E29399E0A00E29AD3 /* Workouts */,
			);
			path = Views;
			sourceTree = "<group>";
		};
/* End PBXGroup section */

/* Begin PBXNativeTarget section */
		ABE88341293282E900DCFA2E /* RepBuddy */ = {
			isa = PBXNativeTarget;
			buildConfigurationList = ABE88356293282EA00DCFA2E /* Build configuration list for PBXNativeTarget "RepBuddy" */;
			buildPhases = (
				ABE8833E293282E900DCFA2E /* Sources */,
				ABE8833F293282E900DCFA2E /* Frameworks */,
				ABE88340293282E900DCFA2E /* Resources */,
				ABFD9A2D2938EB3300FAF7C1 /* Embed Watch Content */,
			);
			buildRules = (
			);
			dependencies = (
				ABFD9A2B2938EB3300FAF7C1 /* PBXTargetDependency */,
			);
			name = RepBuddy;
			productName = RepBuddy;
			productReference = ABE88342293282E900DCFA2E /* RepBuddy.app */;
			productType = "com.apple.product-type.application";
		};
		ABFD9A1E2938EB3200FAF7C1 /* RepBuddyAppleWatch Watch App */ = {
			isa = PBXNativeTarget;
			buildConfigurationList = ABFD9A302938EB3300FAF7C1 /* Build configuration list for PBXNativeTarget "RepBuddyAppleWatch Watch App" */;
			buildPhases = (
				ABFD9A1B2938EB3200FAF7C1 /* Sources */,
				ABFD9A1C2938EB3200FAF7C1 /* Frameworks */,
				ABFD9A1D2938EB3200FAF7C1 /* Resources */,
			);
			buildRules = (
			);
			dependencies = (
			);
			name = "RepBuddyAppleWatch Watch App";
			productName = "RepBuddyAppleWatch Watch App";
			productReference = ABFD9A1F2938EB3200FAF7C1 /* RepBuddyAppleWatch Watch App.app */;
			productType = "com.apple.product-type.application";
		};
/* End PBXNativeTarget section */

/* Begin PBXProject section */
		ABE8833A293282E900DCFA2E /* Project object */ = {
			isa = PBXProject;
			attributes = {
				BuildIndependentTargetsInParallel = 1;
				LastSwiftUpdateCheck = 1410;
				LastUpgradeCheck = 1410;
				TargetAttributes = {
					ABE88341293282E900DCFA2E = {
						CreatedOnToolsVersion = 14.1;
					};
					ABFD9A1E2938EB3200FAF7C1 = {
						CreatedOnToolsVersion = 14.1;
					};
				};
			};
			buildConfigurationList = ABE8833D293282E900DCFA2E /* Build configuration list for PBXProject "RepBuddy" */;
			compatibilityVersion = "Xcode 14.0";
			developmentRegion = en;
			hasScannedForEncodings = 0;
			knownRegions = (
				en,
				Base,
			);
			mainGroup = ABE88339293282E900DCFA2E;
			productRefGroup = ABE88343293282E900DCFA2E /* Products */;
			projectDirPath = "";
			projectRoot = "";
			targets = (
				ABE88341293282E900DCFA2E /* RepBuddy */,
				ABFD9A1E2938EB3200FAF7C1 /* RepBuddyAppleWatch Watch App */,
			);
		};
/* End PBXProject section */

/* Begin PBXResourcesBuildPhase section */
		ABE88340293282E900DCFA2E /* Resources */ = {
			isa = PBXResourcesBuildPhase;
			buildActionMask = 2147483647;
			files = (
				ABE8834D293282EA00DCFA2E /* Preview Assets.xcassets in Resources */,
				ABE8834A293282EA00DCFA2E /* Assets.xcassets in Resources */,
			);
			runOnlyForDeploymentPostprocessing = 0;
		};
		ABFD9A1D2938EB3200FAF7C1 /* Resources */ = {
			isa = PBXResourcesBuildPhase;
			buildActionMask = 2147483647;
			files = (
				ABFD9A292938EB3300FAF7C1 /* Preview Assets.xcassets in Resources */,
				AB2FF932293E2E4A00E4ABA6 /* Notes.rtf in Resources */,
				ABFD9A262938EB3300FAF7C1 /* Assets.xcassets in Resources */,
			);
			runOnlyForDeploymentPostprocessing = 0;
		};
/* End PBXResourcesBuildPhase section */

/* Begin PBXSourcesBuildPhase section */
		ABE8833E293282E900DCFA2E /* Sources */ = {
			isa = PBXSourcesBuildPhase;
			buildActionMask = 2147483647;
			files = (
				AB3FBEF929328790006F8621 /* CoreDataConstants.swift in Sources */,
				AB3FBF382932C608006F8621 /* Workout+Helpers.swift in Sources */,
				ABE410382936C65500E053A9 /* AddExerciseView.swift in Sources */,
				AB3FBF0729329F95006F8621 /* AddEditExerciseViewModel.swift in Sources */,
				AB3FBF1F2932BDC7006F8621 /* WorkoutsView.swift in Sources */,
				AB3FBF212932BDF7006F8621 /* WorkoutsViewModel.swift in Sources */,
				ABF248F5293402D800FC7782 /* Notification.Name+CustomNames.swift in Sources */,
				AB9B0D852937A92900A86C27 /* RepSet+Helpers.swift in Sources */,
				AB3FBF3A2932C62B006F8621 /* Exercise+Helpers.swift in Sources */,
				AB9B0D872937AC1C00A86C27 /* ExerciseGroupBox.swift in Sources */,
				ABF2490E29344ACD00FC7782 /* AddEditRepSetViewModel.swift in Sources */,
				AB0445292937188500821885 /* RepSet+CoreDataProperties.swift in Sources */,
				ABE88352293282EA00DCFA2E /* RepBuddy.xcdatamodeld in Sources */,
				AB3FBF0229328DC2006F8621 /* AddEditExerciseView.swift in Sources */,
				AB3FBF1A2932BB87006F8621 /* RootView.swift in Sources */,
				AB3FBF232932C245006F8621 /* WorkoutType.swift in Sources */,
				ABB02E0529365BE800E3D9D7 /* WorkoutDetailsViewSheetNavigator.swift in Sources */,
				ABF2490929343C4200FC7782 /* WorkoutDetailsView.swift in Sources */,
				ABF248F92934346E00FC7782 /* Date+CustomFormats.swift in Sources */,
				AB3FBF122932B038006F8621 /* Muscle.swift in Sources */,
				AB2FF934293E44A400E4ABA6 /* AlertConstants.swift in Sources */,
				ABE8834F293282EA00DCFA2E /* DataController.swift in Sources */,
				AB3FBF282932C2C4006F8621 /* AddEditWorkoutViewModel.swift in Sources */,
				ABE410482936FFFB00E053A9 /* ExercisesList.swift in Sources */,
				ABF248F729342EE700FC7782 /* NotificationConstants.swift in Sources */,
				ABD3E3862934FE790007EF85 /* ExerciseRepsList.swift in Sources */,
				AB3FBF0F2932ADCF006F8621 /* WeightUnit.swift in Sources */,
				ABE410452936D40D00E053A9 /* Workout+CoreDataClass.swift in Sources */,
				AB3FBF262932C2BC006F8621 /* AddEditWorkoutView.swift in Sources */,
				ABF2490729343C3C00FC7782 /* WorkoutDetailsViewModel.swift in Sources */,
				ABE410462936D40D00E053A9 /* Workout+CoreDataProperties.swift in Sources */,
				AB3FBF2A2932C334006F8621 /* WorkoutsViewModel+NSFetchedResultsControllerDelegate.swift in Sources */,
				ABE88348293282E900DCFA2E /* ExercisesView.swift in Sources */,
				ABF249252934591E00FC7782 /* WorkoutDetailsViewModel+NSFetchedResultsControllerDelegate.swift in Sources */,
				AB04452B2937233E00821885 /* ExerciseSetChart.swift in Sources */,
				ABF2490C29344AC600FC7782 /* AddEditRepSetView.swift in Sources */,
				AB3FBEFB2932885F006F8621 /* ExercisesViewModel+NSFetchedResultsControllerDelegate.swift in Sources */,
				ABF248FE2934375100FC7782 /* ExerciseDetailsViewModel.swift in Sources */,
				ABE4104A293701D400E053A9 /* View+eraseToAnyView().swift in Sources */,
				ABF249042934378500FC7782 /* ExerciseDetailsView.swift in Sources */,
				AB3FBF1C2932BC04006F8621 /* RootViewModel.swift in Sources */,
				AB0445282937188500821885 /* RepSet+CoreDataClass.swift in Sources */,
				ABE410412936D40D00E053A9 /* Exercise+CoreDataClass.swift in Sources */,
				AB3FBEF7293285B5006F8621 /* ExercisesViewModel.swift in Sources */,
				ABE410422936D40D00E053A9 /* Exercise+CoreDataProperties.swift in Sources */,
				ABE4103A2936C75600E053A9 /* AddExerciseViewModel.swift in Sources */,
				ABE88346293282E900DCFA2E /* RepBuddyApp.swift in Sources */,
			);
			runOnlyForDeploymentPostprocessing = 0;
		};
		ABFD9A1B2938EB3200FAF7C1 /* Sources */ = {
			isa = PBXSourcesBuildPhase;
			buildActionMask = 2147483647;
			files = (
				AB827537293A3B4D000EEFD6 /* ExercisesView.swift in Sources */,
				AB8FA66A29399F2000E29AD3 /* RepSet+CoreDataClass.swift in Sources */,
				AB8FA66C29399F2000E29AD3 /* Workout+CoreDataClass.swift in Sources */,
				AB8FA66829399F2000E29AD3 /* RepSet+Helpers.swift in Sources */,
				AB2B993E2939AB2D006DE3DE /* WorkoutDetailsViewModel+NSFetchedResultsControllerDelegate.swift in Sources */,
				AB8FA66529399F2000E29AD3 /* Workout+CoreDataProperties.swift in Sources */,
				AB8FA66D29399F2000E29AD3 /* Workout+Helpers.swift in Sources */,
				AB82753B293A3B5C000EEFD6 /* ExercisesViewModel+NSFetchedResultsControllerDelegate.swift in Sources */,
				AB8FA66429399F2000E29AD3 /* Muscle.swift in Sources */,
				AB82754A293A3BD2000EEFD6 /* AddEditExerciseViewModel.swift in Sources */,
				AB8FA66729399F2000E29AD3 /* Exercise+CoreDataProperties.swift in Sources */,
				AB827527293A3550000EEFD6 /* AddExerciseViewModel.swift in Sources */,
				AB827525293A3541000EEFD6 /* AddExerciseView.swift in Sources */,
				AB2B993B2939AAA3006DE3DE /* ExercisesList.swift in Sources */,
				AB827544293A3BBB000EEFD6 /* ExerciseDetailsView.swift in Sources */,
				AB8FA66E29399F3800E29AD3 /* DataController.swift in Sources */,
				AB8FA66329399F2000E29AD3 /* Exercise+CoreDataClass.swift in Sources */,
				AB4422FC2938FA9400CA71EB /* WorkoutsViewModel.swift in Sources */,
				AB8FA66F29399F4300E29AD3 /* View+eraseToAnyView().swift in Sources */,
				AB827534293A3B0C000EEFD6 /* RootViewModel.swift in Sources */,
				AB2FF935293E44A900E4ABA6 /* AlertConstants.swift in Sources */,
				AB82752D293A3672000EEFD6 /* AddEditRepSetView.swift in Sources */,
				AB82754C293A4E38000EEFD6 /* WorkoutsViewModel+NSFetchedResultsControllerDelegate.swift in Sources */,
				ABFD9A242938EB3200FAF7C1 /* WorkoutsView.swift in Sources */,
				AB8FA67129399F4300E29AD3 /* Date+CustomFormats.swift in Sources */,
				AB8FA66229399F2000E29AD3 /* WeightUnit.swift in Sources */,
				AB827532293A3AF4000EEFD6 /* RootView.swift in Sources */,
				AB82752E293A3672000EEFD6 /* AddEditRepSetViewModel.swift in Sources */,
				AB4422FA2938F88000CA71EB /* RepBuddy.xcdatamodeld in Sources */,
				AB8FA67029399F4300E29AD3 /* Notification.Name+CustomNames.swift in Sources */,
				AB82752A293A3656000EEFD6 /* WorkoutDetailsViewSheetNavigator.swift in Sources */,
				AB827551293A58DD000EEFD6 /* ExerciseInWorkoutDetailsViewModel.swift in Sources */,
				AB815E0E2939A036007F7859 /* AddEditWorkoutViewModel.swift in Sources */,
				AB8FA66929399F2000E29AD3 /* Exercise+Helpers.swift in Sources */,
				AB82754F293A58D5000EEFD6 /* ExerciseInWorkoutDetailsView.swift in Sources */,
				AB827528293A35CB000EEFD6 /* NotificationConstants.swift in Sources */,
				AB827549293A3BD2000EEFD6 /* AddEditExerciseView.swift in Sources */,
				AB2B99362939A91C006DE3DE /* WorkoutDetailsView.swift in Sources */,
				AB8FA66B29399F2000E29AD3 /* RepSet+CoreDataProperties.swift in Sources */,
				AB827545293A3BBB000EEFD6 /* ExerciseDetailsViewModel.swift in Sources */,
				AB82753C293A3B6D000EEFD6 /* CoreDataConstants.swift in Sources */,
				AB8FA66629399F2000E29AD3 /* WorkoutType.swift in Sources */,
				AB2B99382939A92B006DE3DE /* WorkoutDetailsViewModel.swift in Sources */,
				AB8FA66129399E1A00E29AD3 /* AddEditWorkoutView.swift in Sources */,
				AB09F0B2293AEBDB00EF458B /* ExerciseInWorkoutDetailsViewModel copy.swift in Sources */,
				AB827553293A5AA1000EEFD6 /* ExerciseSetChart.swift in Sources */,
				AB827539293A3B59000EEFD6 /* ExercisesViewModel.swift in Sources */,
				ABFD9A222938EB3200FAF7C1 /* RepBuddyAppleWatchApp.swift in Sources */,
			);
			runOnlyForDeploymentPostprocessing = 0;
		};
/* End PBXSourcesBuildPhase section */

/* Begin PBXTargetDependency section */
		ABFD9A2B2938EB3300FAF7C1 /* PBXTargetDependency */ = {
			isa = PBXTargetDependency;
			target = ABFD9A1E2938EB3200FAF7C1 /* RepBuddyAppleWatch Watch App */;
			targetProxy = ABFD9A2A2938EB3300FAF7C1 /* PBXContainerItemProxy */;
		};
/* End PBXTargetDependency section */

/* Begin XCBuildConfiguration section */
		ABE88354293282EA00DCFA2E /* Debug */ = {
			isa = XCBuildConfiguration;
			buildSettings = {
				ALWAYS_SEARCH_USER_PATHS = NO;
				CLANG_ANALYZER_NONNULL = YES;
				CLANG_ANALYZER_NUMBER_OBJECT_CONVERSION = YES_AGGRESSIVE;
				CLANG_CXX_LANGUAGE_STANDARD = "gnu++20";
				CLANG_ENABLE_MODULES = YES;
				CLANG_ENABLE_OBJC_ARC = YES;
				CLANG_ENABLE_OBJC_WEAK = YES;
				CLANG_WARN_BLOCK_CAPTURE_AUTORELEASING = YES;
				CLANG_WARN_BOOL_CONVERSION = YES;
				CLANG_WARN_COMMA = YES;
				CLANG_WARN_CONSTANT_CONVERSION = YES;
				CLANG_WARN_DEPRECATED_OBJC_IMPLEMENTATIONS = YES;
				CLANG_WARN_DIRECT_OBJC_ISA_USAGE = YES_ERROR;
				CLANG_WARN_DOCUMENTATION_COMMENTS = YES;
				CLANG_WARN_EMPTY_BODY = YES;
				CLANG_WARN_ENUM_CONVERSION = YES;
				CLANG_WARN_INFINITE_RECURSION = YES;
				CLANG_WARN_INT_CONVERSION = YES;
				CLANG_WARN_NON_LITERAL_NULL_CONVERSION = YES;
				CLANG_WARN_OBJC_IMPLICIT_RETAIN_SELF = YES;
				CLANG_WARN_OBJC_LITERAL_CONVERSION = YES;
				CLANG_WARN_OBJC_ROOT_CLASS = YES_ERROR;
				CLANG_WARN_QUOTED_INCLUDE_IN_FRAMEWORK_HEADER = YES;
				CLANG_WARN_RANGE_LOOP_ANALYSIS = YES;
				CLANG_WARN_STRICT_PROTOTYPES = YES;
				CLANG_WARN_SUSPICIOUS_MOVE = YES;
				CLANG_WARN_UNGUARDED_AVAILABILITY = YES_AGGRESSIVE;
				CLANG_WARN_UNREACHABLE_CODE = YES;
				CLANG_WARN__DUPLICATE_METHOD_MATCH = YES;
				COPY_PHASE_STRIP = NO;
				DEBUG_INFORMATION_FORMAT = dwarf;
				ENABLE_STRICT_OBJC_MSGSEND = YES;
				ENABLE_TESTABILITY = YES;
				GCC_C_LANGUAGE_STANDARD = gnu11;
				GCC_DYNAMIC_NO_PIC = NO;
				GCC_NO_COMMON_BLOCKS = YES;
				GCC_OPTIMIZATION_LEVEL = 0;
				GCC_PREPROCESSOR_DEFINITIONS = (
					"DEBUG=1",
					"$(inherited)",
				);
				GCC_WARN_64_TO_32_BIT_CONVERSION = YES;
				GCC_WARN_ABOUT_RETURN_TYPE = YES_ERROR;
				GCC_WARN_UNDECLARED_SELECTOR = YES;
				GCC_WARN_UNINITIALIZED_AUTOS = YES_AGGRESSIVE;
				GCC_WARN_UNUSED_FUNCTION = YES;
				GCC_WARN_UNUSED_VARIABLE = YES;
				IPHONEOS_DEPLOYMENT_TARGET = 16.1;
				MTL_ENABLE_DEBUG_INFO = INCLUDE_SOURCE;
				MTL_FAST_MATH = YES;
				ONLY_ACTIVE_ARCH = YES;
				SDKROOT = iphoneos;
				SWIFT_ACTIVE_COMPILATION_CONDITIONS = DEBUG;
				SWIFT_OPTIMIZATION_LEVEL = "-Onone";
			};
			name = Debug;
		};
		ABE88355293282EA00DCFA2E /* Release */ = {
			isa = XCBuildConfiguration;
			buildSettings = {
				ALWAYS_SEARCH_USER_PATHS = NO;
				CLANG_ANALYZER_NONNULL = YES;
				CLANG_ANALYZER_NUMBER_OBJECT_CONVERSION = YES_AGGRESSIVE;
				CLANG_CXX_LANGUAGE_STANDARD = "gnu++20";
				CLANG_ENABLE_MODULES = YES;
				CLANG_ENABLE_OBJC_ARC = YES;
				CLANG_ENABLE_OBJC_WEAK = YES;
				CLANG_WARN_BLOCK_CAPTURE_AUTORELEASING = YES;
				CLANG_WARN_BOOL_CONVERSION = YES;
				CLANG_WARN_COMMA = YES;
				CLANG_WARN_CONSTANT_CONVERSION = YES;
				CLANG_WARN_DEPRECATED_OBJC_IMPLEMENTATIONS = YES;
				CLANG_WARN_DIRECT_OBJC_ISA_USAGE = YES_ERROR;
				CLANG_WARN_DOCUMENTATION_COMMENTS = YES;
				CLANG_WARN_EMPTY_BODY = YES;
				CLANG_WARN_ENUM_CONVERSION = YES;
				CLANG_WARN_INFINITE_RECURSION = YES;
				CLANG_WARN_INT_CONVERSION = YES;
				CLANG_WARN_NON_LITERAL_NULL_CONVERSION = YES;
				CLANG_WARN_OBJC_IMPLICIT_RETAIN_SELF = YES;
				CLANG_WARN_OBJC_LITERAL_CONVERSION = YES;
				CLANG_WARN_OBJC_ROOT_CLASS = YES_ERROR;
				CLANG_WARN_QUOTED_INCLUDE_IN_FRAMEWORK_HEADER = YES;
				CLANG_WARN_RANGE_LOOP_ANALYSIS = YES;
				CLANG_WARN_STRICT_PROTOTYPES = YES;
				CLANG_WARN_SUSPICIOUS_MOVE = YES;
				CLANG_WARN_UNGUARDED_AVAILABILITY = YES_AGGRESSIVE;
				CLANG_WARN_UNREACHABLE_CODE = YES;
				CLANG_WARN__DUPLICATE_METHOD_MATCH = YES;
				COPY_PHASE_STRIP = NO;
				DEBUG_INFORMATION_FORMAT = "dwarf-with-dsym";
				ENABLE_NS_ASSERTIONS = NO;
				ENABLE_STRICT_OBJC_MSGSEND = YES;
				GCC_C_LANGUAGE_STANDARD = gnu11;
				GCC_NO_COMMON_BLOCKS = YES;
				GCC_WARN_64_TO_32_BIT_CONVERSION = YES;
				GCC_WARN_ABOUT_RETURN_TYPE = YES_ERROR;
				GCC_WARN_UNDECLARED_SELECTOR = YES;
				GCC_WARN_UNINITIALIZED_AUTOS = YES_AGGRESSIVE;
				GCC_WARN_UNUSED_FUNCTION = YES;
				GCC_WARN_UNUSED_VARIABLE = YES;
				IPHONEOS_DEPLOYMENT_TARGET = 16.1;
				MTL_ENABLE_DEBUG_INFO = NO;
				MTL_FAST_MATH = YES;
				SDKROOT = iphoneos;
				SWIFT_COMPILATION_MODE = wholemodule;
				SWIFT_OPTIMIZATION_LEVEL = "-O";
				VALIDATE_PRODUCT = YES;
			};
			name = Release;
		};
		ABE88357293282EA00DCFA2E /* Debug */ = {
			isa = XCBuildConfiguration;
			buildSettings = {
				ALWAYS_EMBED_SWIFT_STANDARD_LIBRARIES = YES;
				ASSETCATALOG_COMPILER_APPICON_NAME = AppIcon;
				ASSETCATALOG_COMPILER_GLOBAL_ACCENT_COLOR_NAME = AccentColor;
				CODE_SIGN_ENTITLEMENTS = RepBuddy/RepBuddy.entitlements;
				CODE_SIGN_STYLE = Automatic;
				CURRENT_PROJECT_VERSION = 1;
				DEVELOPMENT_ASSET_PATHS = "\"RepBuddy/Preview Content\"";
				DEVELOPMENT_TEAM = 9LT5ZRK64X;
				ENABLE_PREVIEWS = YES;
				GENERATE_INFOPLIST_FILE = YES;
				INFOPLIST_FILE = RepBuddy/Info.plist;
				INFOPLIST_KEY_UIApplicationSceneManifest_Generation = YES;
				INFOPLIST_KEY_UIApplicationSupportsIndirectInputEvents = YES;
				INFOPLIST_KEY_UILaunchScreen_Generation = YES;
				INFOPLIST_KEY_UISupportedInterfaceOrientations_iPad = "UIInterfaceOrientationPortrait UIInterfaceOrientationPortraitUpsideDown UIInterfaceOrientationLandscapeLeft UIInterfaceOrientationLandscapeRight";
				INFOPLIST_KEY_UISupportedInterfaceOrientations_iPhone = "UIInterfaceOrientationPortrait UIInterfaceOrientationLandscapeLeft UIInterfaceOrientationLandscapeRight";
				LD_RUNPATH_SEARCH_PATHS = (
					"$(inherited)",
					"@executable_path/Frameworks",
				);
				MARKETING_VERSION = 1.0;
				MTL_ENABLE_DEBUG_INFO = NO;
				PRODUCT_BUNDLE_IDENTIFIER = com.julianmichaeltechnologies.RepBuddy;
				PRODUCT_NAME = "$(TARGET_NAME)";
				SWIFT_EMIT_LOC_STRINGS = YES;
				SWIFT_VERSION = 5.0;
				TARGETED_DEVICE_FAMILY = "1,2";
			};
			name = Debug;
		};
		ABE88358293282EA00DCFA2E /* Release */ = {
			isa = XCBuildConfiguration;
			buildSettings = {
				ALWAYS_EMBED_SWIFT_STANDARD_LIBRARIES = YES;
				ASSETCATALOG_COMPILER_APPICON_NAME = AppIcon;
				ASSETCATALOG_COMPILER_GLOBAL_ACCENT_COLOR_NAME = AccentColor;
				CODE_SIGN_ENTITLEMENTS = RepBuddy/RepBuddy.entitlements;
				CODE_SIGN_STYLE = Automatic;
				CURRENT_PROJECT_VERSION = 1;
				DEVELOPMENT_ASSET_PATHS = "\"RepBuddy/Preview Content\"";
				DEVELOPMENT_TEAM = 9LT5ZRK64X;
				ENABLE_PREVIEWS = YES;
				GENERATE_INFOPLIST_FILE = YES;
				INFOPLIST_FILE = RepBuddy/Info.plist;
				INFOPLIST_KEY_UIApplicationSceneManifest_Generation = YES;
				INFOPLIST_KEY_UIApplicationSupportsIndirectInputEvents = YES;
				INFOPLIST_KEY_UILaunchScreen_Generation = YES;
				INFOPLIST_KEY_UISupportedInterfaceOrientations_iPad = "UIInterfaceOrientationPortrait UIInterfaceOrientationPortraitUpsideDown UIInterfaceOrientationLandscapeLeft UIInterfaceOrientationLandscapeRight";
				INFOPLIST_KEY_UISupportedInterfaceOrientations_iPhone = "UIInterfaceOrientationPortrait UIInterfaceOrientationLandscapeLeft UIInterfaceOrientationLandscapeRight";
				LD_RUNPATH_SEARCH_PATHS = (
					"$(inherited)",
					"@executable_path/Frameworks",
				);
				MARKETING_VERSION = 1.0;
				PRODUCT_BUNDLE_IDENTIFIER = com.julianmichaeltechnologies.RepBuddy;
				PRODUCT_NAME = "$(TARGET_NAME)";
				SWIFT_EMIT_LOC_STRINGS = YES;
				SWIFT_VERSION = 5.0;
				TARGETED_DEVICE_FAMILY = "1,2";
			};
			name = Release;
		};
		ABFD9A2E2938EB3300FAF7C1 /* Debug */ = {
			isa = XCBuildConfiguration;
			buildSettings = {
				ASSETCATALOG_COMPILER_APPICON_NAME = AppIcon;
				ASSETCATALOG_COMPILER_GLOBAL_ACCENT_COLOR_NAME = AccentColor;
				CODE_SIGN_ENTITLEMENTS = "RepBuddyAppleWatch Watch App/RepBuddyAppleWatch Watch App.entitlements";
				CODE_SIGN_STYLE = Automatic;
				CURRENT_PROJECT_VERSION = 1;
				DEVELOPMENT_ASSET_PATHS = "\"RepBuddyAppleWatch Watch App/Preview Content\"";
				DEVELOPMENT_TEAM = 9LT5ZRK64X;
				ENABLE_PREVIEWS = YES;
				GENERATE_INFOPLIST_FILE = YES;
				INFOPLIST_FILE = "RepBuddyAppleWatch-Watch-App-Info.plist";
				INFOPLIST_KEY_CFBundleDisplayName = RepBuddyAppleWatch;
				INFOPLIST_KEY_UISupportedInterfaceOrientations = "UIInterfaceOrientationPortrait UIInterfaceOrientationPortraitUpsideDown";
				INFOPLIST_KEY_WKCompanionAppBundleIdentifier = com.julianmichaeltechnologies.RepBuddy;
				LD_RUNPATH_SEARCH_PATHS = (
					"$(inherited)",
					"@executable_path/Frameworks",
				);
				MARKETING_VERSION = 1.0;
				PRODUCT_BUNDLE_IDENTIFIER = com.julianmichaeltechnologies.RepBuddy.watchkitapp;
				PRODUCT_NAME = "$(TARGET_NAME)";
				SDKROOT = watchos;
				SKIP_INSTALL = YES;
				SWIFT_EMIT_LOC_STRINGS = YES;
				SWIFT_VERSION = 5.0;
				TARGETED_DEVICE_FAMILY = 4;
				WATCHOS_DEPLOYMENT_TARGET = 9.1;
			};
			name = Debug;
		};
		ABFD9A2F2938EB3300FAF7C1 /* Release */ = {
			isa = XCBuildConfiguration;
			buildSettings = {
				ASSETCATALOG_COMPILER_APPICON_NAME = AppIcon;
				ASSETCATALOG_COMPILER_GLOBAL_ACCENT_COLOR_NAME = AccentColor;
				CODE_SIGN_ENTITLEMENTS = "RepBuddyAppleWatch Watch App/RepBuddyAppleWatch Watch App.entitlements";
				CODE_SIGN_STYLE = Automatic;
				CURRENT_PROJECT_VERSION = 1;
				DEVELOPMENT_ASSET_PATHS = "\"RepBuddyAppleWatch Watch App/Preview Content\"";
				DEVELOPMENT_TEAM = 9LT5ZRK64X;
				ENABLE_PREVIEWS = YES;
				GENERATE_INFOPLIST_FILE = YES;
				INFOPLIST_FILE = "RepBuddyAppleWatch-Watch-App-Info.plist";
				INFOPLIST_KEY_CFBundleDisplayName = RepBuddyAppleWatch;
				INFOPLIST_KEY_UISupportedInterfaceOrientations = "UIInterfaceOrientationPortrait UIInterfaceOrientationPortraitUpsideDown";
				INFOPLIST_KEY_WKCompanionAppBundleIdentifier = com.julianmichaeltechnologies.RepBuddy;
				LD_RUNPATH_SEARCH_PATHS = (
					"$(inherited)",
					"@executable_path/Frameworks",
				);
				MARKETING_VERSION = 1.0;
				PRODUCT_BUNDLE_IDENTIFIER = com.julianmichaeltechnologies.RepBuddy.watchkitapp;
				PRODUCT_NAME = "$(TARGET_NAME)";
				SDKROOT = watchos;
				SKIP_INSTALL = YES;
				SWIFT_EMIT_LOC_STRINGS = YES;
				SWIFT_VERSION = 5.0;
				TARGETED_DEVICE_FAMILY = 4;
				WATCHOS_DEPLOYMENT_TARGET = 9.1;
			};
			name = Release;
		};
/* End XCBuildConfiguration section */

/* Begin XCConfigurationList section */
		ABE8833D293282E900DCFA2E /* Build configuration list for PBXProject "RepBuddy" */ = {
			isa = XCConfigurationList;
			buildConfigurations = (
				ABE88354293282EA00DCFA2E /* Debug */,
				ABE88355293282EA00DCFA2E /* Release */,
			);
			defaultConfigurationIsVisible = 0;
			defaultConfigurationName = Release;
		};
		ABE88356293282EA00DCFA2E /* Build configuration list for PBXNativeTarget "RepBuddy" */ = {
			isa = XCConfigurationList;
			buildConfigurations = (
				ABE88357293282EA00DCFA2E /* Debug */,
				ABE88358293282EA00DCFA2E /* Release */,
			);
			defaultConfigurationIsVisible = 0;
			defaultConfigurationName = Release;
		};
		ABFD9A302938EB3300FAF7C1 /* Build configuration list for PBXNativeTarget "RepBuddyAppleWatch Watch App" */ = {
			isa = XCConfigurationList;
			buildConfigurations = (
				ABFD9A2E2938EB3300FAF7C1 /* Debug */,
				ABFD9A2F2938EB3300FAF7C1 /* Release */,
			);
			defaultConfigurationIsVisible = 0;
			defaultConfigurationName = Release;
		};
/* End XCConfigurationList section */

/* Begin XCVersionGroup section */
		ABE88350293282EA00DCFA2E /* RepBuddy.xcdatamodeld */ = {
			isa = XCVersionGroup;
			children = (
				ABE88351293282EA00DCFA2E /* RepBuddy.xcdatamodel */,
			);
			currentVersion = ABE88351293282EA00DCFA2E /* RepBuddy.xcdatamodel */;
			path = RepBuddy.xcdatamodeld;
			sourceTree = "<group>";
			versionGroupType = wrapper.xcdatamodel;
		};
		ABFD9A362938F65C00FAF7C1 /* RepBuddy.xcdatamodeld */ = {
			isa = XCVersionGroup;
			children = (
				ABFD9A372938F65C00FAF7C1 /* RepBuddy.xcdatamodel */,
			);
			currentVersion = ABFD9A372938F65C00FAF7C1 /* RepBuddy.xcdatamodel */;
			path = RepBuddy.xcdatamodeld;
			sourceTree = "<group>";
			versionGroupType = wrapper.xcdatamodel;
		};
/* End XCVersionGroup section */
	};
	rootObject = ABE8833A293282E900DCFA2E /* Project object */;
}
