// !$*UTF8*$!
{
	archiveVersion = 1;
	classes = {
	};
	objectVersion = 56;
	objects = {

/* Begin PBXBuildFile section */
		AB3FBEF7293285B5006F8621 /* ExercisesViewModel.swift in Sources */ = {isa = PBXBuildFile; fileRef = AB3FBEF6293285B5006F8621 /* ExercisesViewModel.swift */; };
		AB3FBEF929328790006F8621 /* CoreDataConstants.swift in Sources */ = {isa = PBXBuildFile; fileRef = AB3FBEF829328790006F8621 /* CoreDataConstants.swift */; };
		AB3FBEFB2932885F006F8621 /* ExercisesViewModel+NSFetchedResultsControllerDelegate.swift in Sources */ = {isa = PBXBuildFile; fileRef = AB3FBEFA2932885F006F8621 /* ExercisesViewModel+NSFetchedResultsControllerDelegate.swift */; };
		AB3FBF0229328DC2006F8621 /* AddEditExerciseView.swift in Sources */ = {isa = PBXBuildFile; fileRef = AB3FBF0129328DC2006F8621 /* AddEditExerciseView.swift */; };
		AB3FBF0729329F95006F8621 /* AddEditExerciseViewModel.swift in Sources */ = {isa = PBXBuildFile; fileRef = AB3FBF0629329F94006F8621 /* AddEditExerciseViewModel.swift */; };
		AB3FBF0F2932ADCF006F8621 /* WeightUnit.swift in Sources */ = {isa = PBXBuildFile; fileRef = AB3FBF0E2932ADCF006F8621 /* WeightUnit.swift */; };
		AB3FBF122932B038006F8621 /* Muscle.swift in Sources */ = {isa = PBXBuildFile; fileRef = AB3FBF112932B038006F8621 /* Muscle.swift */; };
		AB3FBF1A2932BB87006F8621 /* RootView.swift in Sources */ = {isa = PBXBuildFile; fileRef = AB3FBF192932BB87006F8621 /* RootView.swift */; };
		AB3FBF1C2932BC04006F8621 /* RootViewModel.swift in Sources */ = {isa = PBXBuildFile; fileRef = AB3FBF1B2932BC04006F8621 /* RootViewModel.swift */; };
		AB3FBF1F2932BDC7006F8621 /* WorkoutsView.swift in Sources */ = {isa = PBXBuildFile; fileRef = AB3FBF1E2932BDC7006F8621 /* WorkoutsView.swift */; };
		AB3FBF212932BDF7006F8621 /* WorkoutsViewModel.swift in Sources */ = {isa = PBXBuildFile; fileRef = AB3FBF202932BDF7006F8621 /* WorkoutsViewModel.swift */; };
		AB3FBF232932C245006F8621 /* WorkoutType.swift in Sources */ = {isa = PBXBuildFile; fileRef = AB3FBF222932C245006F8621 /* WorkoutType.swift */; };
		AB3FBF262932C2BC006F8621 /* AddEditWorkoutView.swift in Sources */ = {isa = PBXBuildFile; fileRef = AB3FBF252932C2BC006F8621 /* AddEditWorkoutView.swift */; };
		AB3FBF282932C2C4006F8621 /* AddEditWorkoutViewModel.swift in Sources */ = {isa = PBXBuildFile; fileRef = AB3FBF272932C2C4006F8621 /* AddEditWorkoutViewModel.swift */; };
		AB3FBF2A2932C334006F8621 /* WorkoutsViewModel+NSFetchedResultsControllerDelegate.swift in Sources */ = {isa = PBXBuildFile; fileRef = AB3FBF292932C334006F8621 /* WorkoutsViewModel+NSFetchedResultsControllerDelegate.swift */; };
		AB3FBF382932C608006F8621 /* Workout+Helpers.swift in Sources */ = {isa = PBXBuildFile; fileRef = AB3FBF372932C608006F8621 /* Workout+Helpers.swift */; };
		AB3FBF3A2932C62B006F8621 /* Exercise+Helpers.swift in Sources */ = {isa = PBXBuildFile; fileRef = AB3FBF392932C62B006F8621 /* Exercise+Helpers.swift */; };
		ABB02E0529365BE800E3D9D7 /* WorkoutDetailsViewSheetNavigator.swift in Sources */ = {isa = PBXBuildFile; fileRef = ABB02E0429365BE800E3D9D7 /* WorkoutDetailsViewSheetNavigator.swift */; };
		ABD3E3862934FE790007EF85 /* ExerciseRepsList.swift in Sources */ = {isa = PBXBuildFile; fileRef = ABD3E3852934FE790007EF85 /* ExerciseRepsList.swift */; };
		ABE410382936C65500E053A9 /* AddExerciseView.swift in Sources */ = {isa = PBXBuildFile; fileRef = ABE410372936C65500E053A9 /* AddExerciseView.swift */; };
		ABE4103A2936C75600E053A9 /* AddExerciseViewModel.swift in Sources */ = {isa = PBXBuildFile; fileRef = ABE410392936C75600E053A9 /* AddExerciseViewModel.swift */; };
		ABE410412936D40D00E053A9 /* Exercise+CoreDataClass.swift in Sources */ = {isa = PBXBuildFile; fileRef = ABE4103B2936D40D00E053A9 /* Exercise+CoreDataClass.swift */; };
		ABE410422936D40D00E053A9 /* Exercise+CoreDataProperties.swift in Sources */ = {isa = PBXBuildFile; fileRef = ABE4103C2936D40D00E053A9 /* Exercise+CoreDataProperties.swift */; };
		ABE410432936D40D00E053A9 /* RepSet+CoreDataClass.swift in Sources */ = {isa = PBXBuildFile; fileRef = ABE4103D2936D40D00E053A9 /* RepSet+CoreDataClass.swift */; };
		ABE410442936D40D00E053A9 /* RepSet+CoreDataProperties.swift in Sources */ = {isa = PBXBuildFile; fileRef = ABE4103E2936D40D00E053A9 /* RepSet+CoreDataProperties.swift */; };
		ABE410452936D40D00E053A9 /* Workout+CoreDataClass.swift in Sources */ = {isa = PBXBuildFile; fileRef = ABE4103F2936D40D00E053A9 /* Workout+CoreDataClass.swift */; };
		ABE410462936D40D00E053A9 /* Workout+CoreDataProperties.swift in Sources */ = {isa = PBXBuildFile; fileRef = ABE410402936D40D00E053A9 /* Workout+CoreDataProperties.swift */; };
		ABE410482936FFFB00E053A9 /* ExercisesList.swift in Sources */ = {isa = PBXBuildFile; fileRef = ABE410472936FFFB00E053A9 /* ExercisesList.swift */; };
		ABE4104A293701D400E053A9 /* View+eraseToAnyView().swift in Sources */ = {isa = PBXBuildFile; fileRef = ABE41049293701D400E053A9 /* View+eraseToAnyView().swift */; };
		ABE88346293282E900DCFA2E /* RepBuddyApp.swift in Sources */ = {isa = PBXBuildFile; fileRef = ABE88345293282E900DCFA2E /* RepBuddyApp.swift */; };
		ABE88348293282E900DCFA2E /* ExercisesView.swift in Sources */ = {isa = PBXBuildFile; fileRef = ABE88347293282E900DCFA2E /* ExercisesView.swift */; };
		ABE8834A293282EA00DCFA2E /* Assets.xcassets in Resources */ = {isa = PBXBuildFile; fileRef = ABE88349293282EA00DCFA2E /* Assets.xcassets */; };
		ABE8834D293282EA00DCFA2E /* Preview Assets.xcassets in Resources */ = {isa = PBXBuildFile; fileRef = ABE8834C293282EA00DCFA2E /* Preview Assets.xcassets */; };
		ABE8834F293282EA00DCFA2E /* DataController.swift in Sources */ = {isa = PBXBuildFile; fileRef = ABE8834E293282EA00DCFA2E /* DataController.swift */; };
		ABE88352293282EA00DCFA2E /* RepBuddy.xcdatamodeld in Sources */ = {isa = PBXBuildFile; fileRef = ABE88350293282EA00DCFA2E /* RepBuddy.xcdatamodeld */; };
		ABF248F5293402D800FC7782 /* Notification.Name+CustomNames.swift in Sources */ = {isa = PBXBuildFile; fileRef = ABF248F4293402D800FC7782 /* Notification.Name+CustomNames.swift */; };
		ABF248F729342EE700FC7782 /* NotificationConstants.swift in Sources */ = {isa = PBXBuildFile; fileRef = ABF248F629342EE700FC7782 /* NotificationConstants.swift */; };
		ABF248F92934346E00FC7782 /* Date+CustomFormats.swift in Sources */ = {isa = PBXBuildFile; fileRef = ABF248F82934346E00FC7782 /* Date+CustomFormats.swift */; };
		ABF248FE2934375100FC7782 /* ExerciseDetailsViewModel.swift in Sources */ = {isa = PBXBuildFile; fileRef = ABF248FD2934375100FC7782 /* ExerciseDetailsViewModel.swift */; };
		ABF249042934378500FC7782 /* ExerciseDetailsView.swift in Sources */ = {isa = PBXBuildFile; fileRef = ABF249032934378500FC7782 /* ExerciseDetailsView.swift */; };
		ABF2490729343C3C00FC7782 /* WorkoutDetailsViewModel.swift in Sources */ = {isa = PBXBuildFile; fileRef = ABF2490629343C3C00FC7782 /* WorkoutDetailsViewModel.swift */; };
		ABF2490929343C4200FC7782 /* WorkoutDetailsView.swift in Sources */ = {isa = PBXBuildFile; fileRef = ABF2490829343C4200FC7782 /* WorkoutDetailsView.swift */; };
		ABF2490C29344AC600FC7782 /* AddEditRepSetView.swift in Sources */ = {isa = PBXBuildFile; fileRef = ABF2490B29344AC600FC7782 /* AddEditRepSetView.swift */; };
		ABF2490E29344ACD00FC7782 /* AddEditRepSetViewModel.swift in Sources */ = {isa = PBXBuildFile; fileRef = ABF2490D29344ACD00FC7782 /* AddEditRepSetViewModel.swift */; };
		ABF249252934591E00FC7782 /* WorkoutDetailsViewModel+NSFetchedResultsControllerDelegate.swift in Sources */ = {isa = PBXBuildFile; fileRef = ABF249242934591E00FC7782 /* WorkoutDetailsViewModel+NSFetchedResultsControllerDelegate.swift */; };
/* End PBXBuildFile section */

/* Begin PBXFileReference section */
		AB3FBEF6293285B5006F8621 /* ExercisesViewModel.swift */ = {isa = PBXFileReference; lastKnownFileType = sourcecode.swift; path = ExercisesViewModel.swift; sourceTree = "<group>"; };
		AB3FBEF829328790006F8621 /* CoreDataConstants.swift */ = {isa = PBXFileReference; lastKnownFileType = sourcecode.swift; path = CoreDataConstants.swift; sourceTree = "<group>"; };
		AB3FBEFA2932885F006F8621 /* ExercisesViewModel+NSFetchedResultsControllerDelegate.swift */ = {isa = PBXFileReference; lastKnownFileType = sourcecode.swift; path = "ExercisesViewModel+NSFetchedResultsControllerDelegate.swift"; sourceTree = "<group>"; };
		AB3FBF0129328DC2006F8621 /* AddEditExerciseView.swift */ = {isa = PBXFileReference; lastKnownFileType = sourcecode.swift; path = AddEditExerciseView.swift; sourceTree = "<group>"; };
		AB3FBF0629329F94006F8621 /* AddEditExerciseViewModel.swift */ = {isa = PBXFileReference; lastKnownFileType = sourcecode.swift; path = AddEditExerciseViewModel.swift; sourceTree = "<group>"; };
		AB3FBF0E2932ADCF006F8621 /* WeightUnit.swift */ = {isa = PBXFileReference; lastKnownFileType = sourcecode.swift; path = WeightUnit.swift; sourceTree = "<group>"; };
		AB3FBF112932B038006F8621 /* Muscle.swift */ = {isa = PBXFileReference; lastKnownFileType = sourcecode.swift; path = Muscle.swift; sourceTree = "<group>"; };
		AB3FBF192932BB87006F8621 /* RootView.swift */ = {isa = PBXFileReference; lastKnownFileType = sourcecode.swift; path = RootView.swift; sourceTree = "<group>"; };
		AB3FBF1B2932BC04006F8621 /* RootViewModel.swift */ = {isa = PBXFileReference; lastKnownFileType = sourcecode.swift; path = RootViewModel.swift; sourceTree = "<group>"; };
		AB3FBF1E2932BDC7006F8621 /* WorkoutsView.swift */ = {isa = PBXFileReference; lastKnownFileType = sourcecode.swift; path = WorkoutsView.swift; sourceTree = "<group>"; };
		AB3FBF202932BDF7006F8621 /* WorkoutsViewModel.swift */ = {isa = PBXFileReference; lastKnownFileType = sourcecode.swift; path = WorkoutsViewModel.swift; sourceTree = "<group>"; };
		AB3FBF222932C245006F8621 /* WorkoutType.swift */ = {isa = PBXFileReference; lastKnownFileType = sourcecode.swift; path = WorkoutType.swift; sourceTree = "<group>"; };
		AB3FBF252932C2BC006F8621 /* AddEditWorkoutView.swift */ = {isa = PBXFileReference; lastKnownFileType = sourcecode.swift; path = AddEditWorkoutView.swift; sourceTree = "<group>"; };
		AB3FBF272932C2C4006F8621 /* AddEditWorkoutViewModel.swift */ = {isa = PBXFileReference; lastKnownFileType = sourcecode.swift; path = AddEditWorkoutViewModel.swift; sourceTree = "<group>"; };
		AB3FBF292932C334006F8621 /* WorkoutsViewModel+NSFetchedResultsControllerDelegate.swift */ = {isa = PBXFileReference; lastKnownFileType = sourcecode.swift; path = "WorkoutsViewModel+NSFetchedResultsControllerDelegate.swift"; sourceTree = "<group>"; };
		AB3FBF372932C608006F8621 /* Workout+Helpers.swift */ = {isa = PBXFileReference; lastKnownFileType = sourcecode.swift; path = "Workout+Helpers.swift"; sourceTree = "<group>"; };
		AB3FBF392932C62B006F8621 /* Exercise+Helpers.swift */ = {isa = PBXFileReference; lastKnownFileType = sourcecode.swift; path = "Exercise+Helpers.swift"; sourceTree = "<group>"; };
		ABB02E0429365BE800E3D9D7 /* WorkoutDetailsViewSheetNavigator.swift */ = {isa = PBXFileReference; lastKnownFileType = sourcecode.swift; path = WorkoutDetailsViewSheetNavigator.swift; sourceTree = "<group>"; };
		ABD3E3852934FE790007EF85 /* ExerciseRepsList.swift */ = {isa = PBXFileReference; lastKnownFileType = sourcecode.swift; path = ExerciseRepsList.swift; sourceTree = "<group>"; };
		ABE410372936C65500E053A9 /* AddExerciseView.swift */ = {isa = PBXFileReference; lastKnownFileType = sourcecode.swift; path = AddExerciseView.swift; sourceTree = "<group>"; };
		ABE410392936C75600E053A9 /* AddExerciseViewModel.swift */ = {isa = PBXFileReference; lastKnownFileType = sourcecode.swift; path = AddExerciseViewModel.swift; sourceTree = "<group>"; };
		ABE4103B2936D40D00E053A9 /* Exercise+CoreDataClass.swift */ = {isa = PBXFileReference; lastKnownFileType = sourcecode.swift; path = "Exercise+CoreDataClass.swift"; sourceTree = "<group>"; };
		ABE4103C2936D40D00E053A9 /* Exercise+CoreDataProperties.swift */ = {isa = PBXFileReference; lastKnownFileType = sourcecode.swift; path = "Exercise+CoreDataProperties.swift"; sourceTree = "<group>"; };
		ABE4103D2936D40D00E053A9 /* RepSet+CoreDataClass.swift */ = {isa = PBXFileReference; lastKnownFileType = sourcecode.swift; path = "RepSet+CoreDataClass.swift"; sourceTree = "<group>"; };
		ABE4103E2936D40D00E053A9 /* RepSet+CoreDataProperties.swift */ = {isa = PBXFileReference; lastKnownFileType = sourcecode.swift; path = "RepSet+CoreDataProperties.swift"; sourceTree = "<group>"; };
		ABE4103F2936D40D00E053A9 /* Workout+CoreDataClass.swift */ = {isa = PBXFileReference; lastKnownFileType = sourcecode.swift; path = "Workout+CoreDataClass.swift"; sourceTree = "<group>"; };
		ABE410402936D40D00E053A9 /* Workout+CoreDataProperties.swift */ = {isa = PBXFileReference; lastKnownFileType = sourcecode.swift; path = "Workout+CoreDataProperties.swift"; sourceTree = "<group>"; };
		ABE410472936FFFB00E053A9 /* ExercisesList.swift */ = {isa = PBXFileReference; lastKnownFileType = sourcecode.swift; path = ExercisesList.swift; sourceTree = "<group>"; };
		ABE41049293701D400E053A9 /* View+eraseToAnyView().swift */ = {isa = PBXFileReference; lastKnownFileType = sourcecode.swift; path = "View+eraseToAnyView().swift"; sourceTree = "<group>"; };
		ABE88342293282E900DCFA2E /* RepBuddy.app */ = {isa = PBXFileReference; explicitFileType = wrapper.application; includeInIndex = 0; path = RepBuddy.app; sourceTree = BUILT_PRODUCTS_DIR; };
		ABE88345293282E900DCFA2E /* RepBuddyApp.swift */ = {isa = PBXFileReference; lastKnownFileType = sourcecode.swift; path = RepBuddyApp.swift; sourceTree = "<group>"; };
		ABE88347293282E900DCFA2E /* ExercisesView.swift */ = {isa = PBXFileReference; lastKnownFileType = sourcecode.swift; path = ExercisesView.swift; sourceTree = "<group>"; };
		ABE88349293282EA00DCFA2E /* Assets.xcassets */ = {isa = PBXFileReference; lastKnownFileType = folder.assetcatalog; path = Assets.xcassets; sourceTree = "<group>"; };
		ABE8834C293282EA00DCFA2E /* Preview Assets.xcassets */ = {isa = PBXFileReference; lastKnownFileType = folder.assetcatalog; path = "Preview Assets.xcassets"; sourceTree = "<group>"; };
		ABE8834E293282EA00DCFA2E /* DataController.swift */ = {isa = PBXFileReference; lastKnownFileType = sourcecode.swift; path = DataController.swift; sourceTree = "<group>"; };
		ABE88351293282EA00DCFA2E /* RepBuddy.xcdatamodel */ = {isa = PBXFileReference; lastKnownFileType = wrapper.xcdatamodel; path = RepBuddy.xcdatamodel; sourceTree = "<group>"; };
		ABE88353293282EA00DCFA2E /* Info.plist */ = {isa = PBXFileReference; lastKnownFileType = text.plist.xml; path = Info.plist; sourceTree = "<group>"; };
		ABF248F4293402D800FC7782 /* Notification.Name+CustomNames.swift */ = {isa = PBXFileReference; lastKnownFileType = sourcecode.swift; path = "Notification.Name+CustomNames.swift"; sourceTree = "<group>"; };
		ABF248F629342EE700FC7782 /* NotificationConstants.swift */ = {isa = PBXFileReference; lastKnownFileType = sourcecode.swift; path = NotificationConstants.swift; sourceTree = "<group>"; };
		ABF248F82934346E00FC7782 /* Date+CustomFormats.swift */ = {isa = PBXFileReference; lastKnownFileType = sourcecode.swift; path = "Date+CustomFormats.swift"; sourceTree = "<group>"; };
		ABF248FD2934375100FC7782 /* ExerciseDetailsViewModel.swift */ = {isa = PBXFileReference; lastKnownFileType = sourcecode.swift; path = ExerciseDetailsViewModel.swift; sourceTree = "<group>"; };
		ABF249032934378500FC7782 /* ExerciseDetailsView.swift */ = {isa = PBXFileReference; lastKnownFileType = sourcecode.swift; path = ExerciseDetailsView.swift; sourceTree = "<group>"; };
		ABF2490629343C3C00FC7782 /* WorkoutDetailsViewModel.swift */ = {isa = PBXFileReference; lastKnownFileType = sourcecode.swift; path = WorkoutDetailsViewModel.swift; sourceTree = "<group>"; };
		ABF2490829343C4200FC7782 /* WorkoutDetailsView.swift */ = {isa = PBXFileReference; lastKnownFileType = sourcecode.swift; path = WorkoutDetailsView.swift; sourceTree = "<group>"; };
		ABF2490B29344AC600FC7782 /* AddEditRepSetView.swift */ = {isa = PBXFileReference; lastKnownFileType = sourcecode.swift; path = AddEditRepSetView.swift; sourceTree = "<group>"; };
		ABF2490D29344ACD00FC7782 /* AddEditRepSetViewModel.swift */ = {isa = PBXFileReference; lastKnownFileType = sourcecode.swift; path = AddEditRepSetViewModel.swift; sourceTree = "<group>"; };
		ABF249242934591E00FC7782 /* WorkoutDetailsViewModel+NSFetchedResultsControllerDelegate.swift */ = {isa = PBXFileReference; lastKnownFileType = sourcecode.swift; path = "WorkoutDetailsViewModel+NSFetchedResultsControllerDelegate.swift"; sourceTree = "<group>"; };
/* End PBXFileReference section */

/* Begin PBXFrameworksBuildPhase section */
		ABE8833F293282E900DCFA2E /* Frameworks */ = {
			isa = PBXFrameworksBuildPhase;
			buildActionMask = 2147483647;
			files = (
			);
			runOnlyForDeploymentPostprocessing = 0;
		};
/* End PBXFrameworksBuildPhase section */

/* Begin PBXGroup section */
		AB3FBF0029328B24006F8621 /* Model */ = {
			isa = PBXGroup;
			children = (
				AB3FBF3D2932C65E006F8621 /* Classes */,
				AB3FBF3E2932C663006F8621 /* Enums */,
			);
			path = Model;
			sourceTree = "<group>";
		};
		AB3FBF0329328DC9006F8621 /* Views */ = {
			isa = PBXGroup;
			children = (
				AB3FBF182932BB7F006F8621 /* Root */,
				AB3FBF0429328DCC006F8621 /* Exercises */,
				AB3FBF1D2932BDB5006F8621 /* Workouts */,
			);
			path = Views;
			sourceTree = "<group>";
		};
		AB3FBF0429328DCC006F8621 /* Exercises */ = {
			isa = PBXGroup;
			children = (
				ABE88347293282E900DCFA2E /* ExercisesView.swift */,
				AB3FBEF6293285B5006F8621 /* ExercisesViewModel.swift */,
				AB3FBEFA2932885F006F8621 /* ExercisesViewModel+NSFetchedResultsControllerDelegate.swift */,
				AB3FBF0529328DD9006F8621 /* AddEditExercise */,
				ABF248FC2934374700FC7782 /* ExerciseDetails */,
			);
			path = Exercises;
			sourceTree = "<group>";
		};
		AB3FBF0529328DD9006F8621 /* AddEditExercise */ = {
			isa = PBXGroup;
			children = (
				AB3FBF0129328DC2006F8621 /* AddEditExerciseView.swift */,
				AB3FBF0629329F94006F8621 /* AddEditExerciseViewModel.swift */,
			);
			path = AddEditExercise;
			sourceTree = "<group>";
		};
		AB3FBF082932A011006F8621 /* Utilities */ = {
			isa = PBXGroup;
			children = (
				AB3FBEF829328790006F8621 /* CoreDataConstants.swift */,
				ABF248F629342EE700FC7782 /* NotificationConstants.swift */,
			);
			path = Utilities;
			sourceTree = "<group>";
		};
		AB3FBF092932A015006F8621 /* Controllers */ = {
			isa = PBXGroup;
			children = (
				ABE8834E293282EA00DCFA2E /* DataController.swift */,
			);
			path = Controllers;
			sourceTree = "<group>";
		};
		AB3FBF182932BB7F006F8621 /* Root */ = {
			isa = PBXGroup;
			children = (
				AB3FBF192932BB87006F8621 /* RootView.swift */,
				AB3FBF1B2932BC04006F8621 /* RootViewModel.swift */,
			);
			path = Root;
			sourceTree = "<group>";
		};
		AB3FBF1D2932BDB5006F8621 /* Workouts */ = {
			isa = PBXGroup;
			children = (
				AB3FBF1E2932BDC7006F8621 /* WorkoutsView.swift */,
				AB3FBF202932BDF7006F8621 /* WorkoutsViewModel.swift */,
				AB3FBF292932C334006F8621 /* WorkoutsViewModel+NSFetchedResultsControllerDelegate.swift */,
				ABF2490529343C1500FC7782 /* Workout Details */,
				AB3FBF242932C2B1006F8621 /* AddEditWorkout */,
				ABF2490A29344AAB00FC7782 /* AddEditRepSet */,
			);
			path = Workouts;
			sourceTree = "<group>";
		};
		AB3FBF242932C2B1006F8621 /* AddEditWorkout */ = {
			isa = PBXGroup;
			children = (
				AB3FBF252932C2BC006F8621 /* AddEditWorkoutView.swift */,
				AB3FBF272932C2C4006F8621 /* AddEditWorkoutViewModel.swift */,
			);
			path = AddEditWorkout;
			sourceTree = "<group>";
		};
		AB3FBF3B2932C649006F8621 /* Exercise */ = {
			isa = PBXGroup;
			children = (
				ABE4103B2936D40D00E053A9 /* Exercise+CoreDataClass.swift */,
				ABE4103C2936D40D00E053A9 /* Exercise+CoreDataProperties.swift */,
				AB3FBF392932C62B006F8621 /* Exercise+Helpers.swift */,
			);
			path = Exercise;
			sourceTree = "<group>";
		};
		AB3FBF3C2932C64D006F8621 /* Workout */ = {
			isa = PBXGroup;
			children = (
				ABE4103F2936D40D00E053A9 /* Workout+CoreDataClass.swift */,
				ABE410402936D40D00E053A9 /* Workout+CoreDataProperties.swift */,
				AB3FBF372932C608006F8621 /* Workout+Helpers.swift */,
			);
			path = Workout;
			sourceTree = "<group>";
		};
		AB3FBF3D2932C65E006F8621 /* Classes */ = {
			isa = PBXGroup;
			children = (
				ABF2490F29344B5600FC7782 /* RepSet */,
				AB3FBF3B2932C649006F8621 /* Exercise */,
				AB3FBF3C2932C64D006F8621 /* Workout */,
			);
			path = Classes;
			sourceTree = "<group>";
		};
		AB3FBF3E2932C663006F8621 /* Enums */ = {
			isa = PBXGroup;
			children = (
				AB3FBF0E2932ADCF006F8621 /* WeightUnit.swift */,
				AB3FBF112932B038006F8621 /* Muscle.swift */,
				AB3FBF222932C245006F8621 /* WorkoutType.swift */,
			);
			path = Enums;
			sourceTree = "<group>";
		};
		ABE410362936C64800E053A9 /* Add Exercise */ = {
			isa = PBXGroup;
			children = (
				ABE410372936C65500E053A9 /* AddExerciseView.swift */,
				ABE410392936C75600E053A9 /* AddExerciseViewModel.swift */,
			);
			path = "Add Exercise";
			sourceTree = "<group>";
		};
		ABE88339293282E900DCFA2E = {
			isa = PBXGroup;
			children = (
				ABE88344293282E900DCFA2E /* RepBuddy */,
				ABE88343293282E900DCFA2E /* Products */,
			);
			sourceTree = "<group>";
		};
		ABE88343293282E900DCFA2E /* Products */ = {
			isa = PBXGroup;
			children = (
				ABE88342293282E900DCFA2E /* RepBuddy.app */,
			);
			name = Products;
			sourceTree = "<group>";
		};
		ABE88344293282E900DCFA2E /* RepBuddy */ = {
			isa = PBXGroup;
			children = (
				ABE88345293282E900DCFA2E /* RepBuddyApp.swift */,
				AB3FBF0029328B24006F8621 /* Model */,
				AB3FBF0329328DC9006F8621 /* Views */,
				AB3FBF082932A011006F8621 /* Utilities */,
				AB3FBF092932A015006F8621 /* Controllers */,
				ABF248F3293402C100FC7782 /* Extensions */,
				ABE88349293282EA00DCFA2E /* Assets.xcassets */,
				ABE88353293282EA00DCFA2E /* Info.plist */,
				ABE88350293282EA00DCFA2E /* RepBuddy.xcdatamodeld */,
				ABE8834B293282EA00DCFA2E /* Preview Content */,
			);
			path = RepBuddy;
			sourceTree = "<group>";
		};
		ABE8834B293282EA00DCFA2E /* Preview Content */ = {
			isa = PBXGroup;
			children = (
				ABE8834C293282EA00DCFA2E /* Preview Assets.xcassets */,
			);
			path = "Preview Content";
			sourceTree = "<group>";
		};
		ABF248F3293402C100FC7782 /* Extensions */ = {
			isa = PBXGroup;
			children = (
				ABF248F4293402D800FC7782 /* Notification.Name+CustomNames.swift */,
				ABE41049293701D400E053A9 /* View+eraseToAnyView().swift */,
				ABF248F82934346E00FC7782 /* Date+CustomFormats.swift */,
			);
			path = Extensions;
			sourceTree = "<group>";
		};
		ABF248FC2934374700FC7782 /* ExerciseDetails */ = {
			isa = PBXGroup;
			children = (
				ABF249032934378500FC7782 /* ExerciseDetailsView.swift */,
				ABF248FD2934375100FC7782 /* ExerciseDetailsViewModel.swift */,
			);
			path = ExerciseDetails;
			sourceTree = "<group>";
		};
		ABF2490529343C1500FC7782 /* Workout Details */ = {
			isa = PBXGroup;
			children = (
				ABF2490829343C4200FC7782 /* WorkoutDetailsView.swift */,
				ABE410472936FFFB00E053A9 /* ExercisesList.swift */,
				ABD3E3852934FE790007EF85 /* ExerciseRepsList.swift */,
				ABB02E0429365BE800E3D9D7 /* WorkoutDetailsViewSheetNavigator.swift */,
				ABF2490629343C3C00FC7782 /* WorkoutDetailsViewModel.swift */,
				ABF249242934591E00FC7782 /* WorkoutDetailsViewModel+NSFetchedResultsControllerDelegate.swift */,
				ABE410362936C64800E053A9 /* Add Exercise */,
			);
			path = "Workout Details";
			sourceTree = "<group>";
		};
		ABF2490A29344AAB00FC7782 /* AddEditRepSet */ = {
			isa = PBXGroup;
			children = (
				ABF2490B29344AC600FC7782 /* AddEditRepSetView.swift */,
				ABF2490D29344ACD00FC7782 /* AddEditRepSetViewModel.swift */,
			);
			path = AddEditRepSet;
			sourceTree = "<group>";
		};
		ABF2490F29344B5600FC7782 /* RepSet */ = {
			isa = PBXGroup;
			children = (
				ABE4103D2936D40D00E053A9 /* RepSet+CoreDataClass.swift */,
				ABE4103E2936D40D00E053A9 /* RepSet+CoreDataProperties.swift */,
			);
			path = RepSet;
			sourceTree = "<group>";
		};
/* End PBXGroup section */

/* Begin PBXNativeTarget section */
		ABE88341293282E900DCFA2E /* RepBuddy */ = {
			isa = PBXNativeTarget;
			buildConfigurationList = ABE88356293282EA00DCFA2E /* Build configuration list for PBXNativeTarget "RepBuddy" */;
			buildPhases = (
				ABE8833E293282E900DCFA2E /* Sources */,
				ABE8833F293282E900DCFA2E /* Frameworks */,
				ABE88340293282E900DCFA2E /* Resources */,
			);
			buildRules = (
			);
			dependencies = (
			);
			name = RepBuddy;
			productName = RepBuddy;
			productReference = ABE88342293282E900DCFA2E /* RepBuddy.app */;
			productType = "com.apple.product-type.application";
		};
/* End PBXNativeTarget section */

/* Begin PBXProject section */
		ABE8833A293282E900DCFA2E /* Project object */ = {
			isa = PBXProject;
			attributes = {
				BuildIndependentTargetsInParallel = 1;
				LastSwiftUpdateCheck = 1410;
				LastUpgradeCheck = 1410;
				TargetAttributes = {
					ABE88341293282E900DCFA2E = {
						CreatedOnToolsVersion = 14.1;
					};
				};
			};
			buildConfigurationList = ABE8833D293282E900DCFA2E /* Build configuration list for PBXProject "RepBuddy" */;
			compatibilityVersion = "Xcode 14.0";
			developmentRegion = en;
			hasScannedForEncodings = 0;
			knownRegions = (
				en,
				Base,
			);
			mainGroup = ABE88339293282E900DCFA2E;
			productRefGroup = ABE88343293282E900DCFA2E /* Products */;
			projectDirPath = "";
			projectRoot = "";
			targets = (
				ABE88341293282E900DCFA2E /* RepBuddy */,
			);
		};
/* End PBXProject section */

/* Begin PBXResourcesBuildPhase section */
		ABE88340293282E900DCFA2E /* Resources */ = {
			isa = PBXResourcesBuildPhase;
			buildActionMask = 2147483647;
			files = (
				ABE8834D293282EA00DCFA2E /* Preview Assets.xcassets in Resources */,
				ABE8834A293282EA00DCFA2E /* Assets.xcassets in Resources */,
			);
			runOnlyForDeploymentPostprocessing = 0;
		};
/* End PBXResourcesBuildPhase section */

/* Begin PBXSourcesBuildPhase section */
		ABE8833E293282E900DCFA2E /* Sources */ = {
			isa = PBXSourcesBuildPhase;
			buildActionMask = 2147483647;
			files = (
				AB3FBEF929328790006F8621 /* CoreDataConstants.swift in Sources */,
				AB3FBF382932C608006F8621 /* Workout+Helpers.swift in Sources */,
				ABE410432936D40D00E053A9 /* RepSet+CoreDataClass.swift in Sources */,
				ABE410382936C65500E053A9 /* AddExerciseView.swift in Sources */,
				AB3FBF0729329F95006F8621 /* AddEditExerciseViewModel.swift in Sources */,
				AB3FBF1F2932BDC7006F8621 /* WorkoutsView.swift in Sources */,
				AB3FBF212932BDF7006F8621 /* WorkoutsViewModel.swift in Sources */,
				ABF248F5293402D800FC7782 /* Notification.Name+CustomNames.swift in Sources */,
				AB3FBF3A2932C62B006F8621 /* Exercise+Helpers.swift in Sources */,
				ABF2490E29344ACD00FC7782 /* AddEditRepSetViewModel.swift in Sources */,
				ABE88352293282EA00DCFA2E /* RepBuddy.xcdatamodeld in Sources */,
				AB3FBF0229328DC2006F8621 /* AddEditExerciseView.swift in Sources */,
				AB3FBF1A2932BB87006F8621 /* RootView.swift in Sources */,
				AB3FBF232932C245006F8621 /* WorkoutType.swift in Sources */,
				ABB02E0529365BE800E3D9D7 /* WorkoutDetailsViewSheetNavigator.swift in Sources */,
				ABF2490929343C4200FC7782 /* WorkoutDetailsView.swift in Sources */,
				ABF248F92934346E00FC7782 /* Date+CustomFormats.swift in Sources */,
				AB3FBF122932B038006F8621 /* Muscle.swift in Sources */,
				ABE8834F293282EA00DCFA2E /* DataController.swift in Sources */,
				AB3FBF282932C2C4006F8621 /* AddEditWorkoutViewModel.swift in Sources */,
				ABE410442936D40D00E053A9 /* RepSet+CoreDataProperties.swift in Sources */,
				ABE410482936FFFB00E053A9 /* ExercisesList.swift in Sources */,
				ABF248F729342EE700FC7782 /* NotificationConstants.swift in Sources */,
				ABD3E3862934FE790007EF85 /* ExerciseRepsList.swift in Sources */,
				AB3FBF0F2932ADCF006F8621 /* WeightUnit.swift in Sources */,
				ABE410452936D40D00E053A9 /* Workout+CoreDataClass.swift in Sources */,
				AB3FBF262932C2BC006F8621 /* AddEditWorkoutView.swift in Sources */,
				ABF2490729343C3C00FC7782 /* WorkoutDetailsViewModel.swift in Sources */,
				ABE410462936D40D00E053A9 /* Workout+CoreDataProperties.swift in Sources */,
				AB3FBF2A2932C334006F8621 /* WorkoutsViewModel+NSFetchedResultsControllerDelegate.swift in Sources */,
				ABE88348293282E900DCFA2E /* ExercisesView.swift in Sources */,
				ABF249252934591E00FC7782 /* WorkoutDetailsViewModel+NSFetchedResultsControllerDelegate.swift in Sources */,
				ABF2490C29344AC600FC7782 /* AddEditRepSetView.swift in Sources */,
				AB3FBEFB2932885F006F8621 /* ExercisesViewModel+NSFetchedResultsControllerDelegate.swift in Sources */,
				ABF248FE2934375100FC7782 /* ExerciseDetailsViewModel.swift in Sources */,
				ABE4104A293701D400E053A9 /* View+eraseToAnyView().swift in Sources */,
				ABF249042934378500FC7782 /* ExerciseDetailsView.swift in Sources */,
				AB3FBF1C2932BC04006F8621 /* RootViewModel.swift in Sources */,
				ABE410412936D40D00E053A9 /* Exercise+CoreDataClass.swift in Sources */,
				AB3FBEF7293285B5006F8621 /* ExercisesViewModel.swift in Sources */,
				ABE410422936D40D00E053A9 /* Exercise+CoreDataProperties.swift in Sources */,
				ABE4103A2936C75600E053A9 /* AddExerciseViewModel.swift in Sources */,
				ABE88346293282E900DCFA2E /* RepBuddyApp.swift in Sources */,
			);
			runOnlyForDeploymentPostprocessing = 0;
		};
/* End PBXSourcesBuildPhase section */

/* Begin XCBuildConfiguration section */
		ABE88354293282EA00DCFA2E /* Debug */ = {
			isa = XCBuildConfiguration;
			buildSettings = {
				ALWAYS_SEARCH_USER_PATHS = NO;
				CLANG_ANALYZER_NONNULL = YES;
				CLANG_ANALYZER_NUMBER_OBJECT_CONVERSION = YES_AGGRESSIVE;
				CLANG_CXX_LANGUAGE_STANDARD = "gnu++20";
				CLANG_ENABLE_MODULES = YES;
				CLANG_ENABLE_OBJC_ARC = YES;
				CLANG_ENABLE_OBJC_WEAK = YES;
				CLANG_WARN_BLOCK_CAPTURE_AUTORELEASING = YES;
				CLANG_WARN_BOOL_CONVERSION = YES;
				CLANG_WARN_COMMA = YES;
				CLANG_WARN_CONSTANT_CONVERSION = YES;
				CLANG_WARN_DEPRECATED_OBJC_IMPLEMENTATIONS = YES;
				CLANG_WARN_DIRECT_OBJC_ISA_USAGE = YES_ERROR;
				CLANG_WARN_DOCUMENTATION_COMMENTS = YES;
				CLANG_WARN_EMPTY_BODY = YES;
				CLANG_WARN_ENUM_CONVERSION = YES;
				CLANG_WARN_INFINITE_RECURSION = YES;
				CLANG_WARN_INT_CONVERSION = YES;
				CLANG_WARN_NON_LITERAL_NULL_CONVERSION = YES;
				CLANG_WARN_OBJC_IMPLICIT_RETAIN_SELF = YES;
				CLANG_WARN_OBJC_LITERAL_CONVERSION = YES;
				CLANG_WARN_OBJC_ROOT_CLASS = YES_ERROR;
				CLANG_WARN_QUOTED_INCLUDE_IN_FRAMEWORK_HEADER = YES;
				CLANG_WARN_RANGE_LOOP_ANALYSIS = YES;
				CLANG_WARN_STRICT_PROTOTYPES = YES;
				CLANG_WARN_SUSPICIOUS_MOVE = YES;
				CLANG_WARN_UNGUARDED_AVAILABILITY = YES_AGGRESSIVE;
				CLANG_WARN_UNREACHABLE_CODE = YES;
				CLANG_WARN__DUPLICATE_METHOD_MATCH = YES;
				COPY_PHASE_STRIP = NO;
				DEBUG_INFORMATION_FORMAT = dwarf;
				ENABLE_STRICT_OBJC_MSGSEND = YES;
				ENABLE_TESTABILITY = YES;
				GCC_C_LANGUAGE_STANDARD = gnu11;
				GCC_DYNAMIC_NO_PIC = NO;
				GCC_NO_COMMON_BLOCKS = YES;
				GCC_OPTIMIZATION_LEVEL = 0;
				GCC_PREPROCESSOR_DEFINITIONS = (
					"DEBUG=1",
					"$(inherited)",
				);
				GCC_WARN_64_TO_32_BIT_CONVERSION = YES;
				GCC_WARN_ABOUT_RETURN_TYPE = YES_ERROR;
				GCC_WARN_UNDECLARED_SELECTOR = YES;
				GCC_WARN_UNINITIALIZED_AUTOS = YES_AGGRESSIVE;
				GCC_WARN_UNUSED_FUNCTION = YES;
				GCC_WARN_UNUSED_VARIABLE = YES;
				IPHONEOS_DEPLOYMENT_TARGET = 16.1;
				MTL_ENABLE_DEBUG_INFO = INCLUDE_SOURCE;
				MTL_FAST_MATH = YES;
				ONLY_ACTIVE_ARCH = YES;
				SDKROOT = iphoneos;
				SWIFT_ACTIVE_COMPILATION_CONDITIONS = DEBUG;
				SWIFT_OPTIMIZATION_LEVEL = "-Onone";
			};
			name = Debug;
		};
		ABE88355293282EA00DCFA2E /* Release */ = {
			isa = XCBuildConfiguration;
			buildSettings = {
				ALWAYS_SEARCH_USER_PATHS = NO;
				CLANG_ANALYZER_NONNULL = YES;
				CLANG_ANALYZER_NUMBER_OBJECT_CONVERSION = YES_AGGRESSIVE;
				CLANG_CXX_LANGUAGE_STANDARD = "gnu++20";
				CLANG_ENABLE_MODULES = YES;
				CLANG_ENABLE_OBJC_ARC = YES;
				CLANG_ENABLE_OBJC_WEAK = YES;
				CLANG_WARN_BLOCK_CAPTURE_AUTORELEASING = YES;
				CLANG_WARN_BOOL_CONVERSION = YES;
				CLANG_WARN_COMMA = YES;
				CLANG_WARN_CONSTANT_CONVERSION = YES;
				CLANG_WARN_DEPRECATED_OBJC_IMPLEMENTATIONS = YES;
				CLANG_WARN_DIRECT_OBJC_ISA_USAGE = YES_ERROR;
				CLANG_WARN_DOCUMENTATION_COMMENTS = YES;
				CLANG_WARN_EMPTY_BODY = YES;
				CLANG_WARN_ENUM_CONVERSION = YES;
				CLANG_WARN_INFINITE_RECURSION = YES;
				CLANG_WARN_INT_CONVERSION = YES;
				CLANG_WARN_NON_LITERAL_NULL_CONVERSION = YES;
				CLANG_WARN_OBJC_IMPLICIT_RETAIN_SELF = YES;
				CLANG_WARN_OBJC_LITERAL_CONVERSION = YES;
				CLANG_WARN_OBJC_ROOT_CLASS = YES_ERROR;
				CLANG_WARN_QUOTED_INCLUDE_IN_FRAMEWORK_HEADER = YES;
				CLANG_WARN_RANGE_LOOP_ANALYSIS = YES;
				CLANG_WARN_STRICT_PROTOTYPES = YES;
				CLANG_WARN_SUSPICIOUS_MOVE = YES;
				CLANG_WARN_UNGUARDED_AVAILABILITY = YES_AGGRESSIVE;
				CLANG_WARN_UNREACHABLE_CODE = YES;
				CLANG_WARN__DUPLICATE_METHOD_MATCH = YES;
				COPY_PHASE_STRIP = NO;
				DEBUG_INFORMATION_FORMAT = "dwarf-with-dsym";
				ENABLE_NS_ASSERTIONS = NO;
				ENABLE_STRICT_OBJC_MSGSEND = YES;
				GCC_C_LANGUAGE_STANDARD = gnu11;
				GCC_NO_COMMON_BLOCKS = YES;
				GCC_WARN_64_TO_32_BIT_CONVERSION = YES;
				GCC_WARN_ABOUT_RETURN_TYPE = YES_ERROR;
				GCC_WARN_UNDECLARED_SELECTOR = YES;
				GCC_WARN_UNINITIALIZED_AUTOS = YES_AGGRESSIVE;
				GCC_WARN_UNUSED_FUNCTION = YES;
				GCC_WARN_UNUSED_VARIABLE = YES;
				IPHONEOS_DEPLOYMENT_TARGET = 16.1;
				MTL_ENABLE_DEBUG_INFO = NO;
				MTL_FAST_MATH = YES;
				SDKROOT = iphoneos;
				SWIFT_COMPILATION_MODE = wholemodule;
				SWIFT_OPTIMIZATION_LEVEL = "-O";
				VALIDATE_PRODUCT = YES;
			};
			name = Release;
		};
		ABE88357293282EA00DCFA2E /* Debug */ = {
			isa = XCBuildConfiguration;
			buildSettings = {
				ASSETCATALOG_COMPILER_APPICON_NAME = AppIcon;
				ASSETCATALOG_COMPILER_GLOBAL_ACCENT_COLOR_NAME = AccentColor;
				CODE_SIGN_STYLE = Automatic;
				CURRENT_PROJECT_VERSION = 1;
				DEVELOPMENT_ASSET_PATHS = "\"RepBuddy/Preview Content\"";
				DEVELOPMENT_TEAM = 9LT5ZRK64X;
				ENABLE_PREVIEWS = YES;
				GENERATE_INFOPLIST_FILE = YES;
				INFOPLIST_KEY_UIApplicationSceneManifest_Generation = YES;
				INFOPLIST_KEY_UIApplicationSupportsIndirectInputEvents = YES;
				INFOPLIST_KEY_UILaunchScreen_Generation = YES;
				INFOPLIST_KEY_UISupportedInterfaceOrientations_iPad = "UIInterfaceOrientationPortrait UIInterfaceOrientationPortraitUpsideDown UIInterfaceOrientationLandscapeLeft UIInterfaceOrientationLandscapeRight";
				INFOPLIST_KEY_UISupportedInterfaceOrientations_iPhone = "UIInterfaceOrientationPortrait UIInterfaceOrientationLandscapeLeft UIInterfaceOrientationLandscapeRight";
				LD_RUNPATH_SEARCH_PATHS = (
					"$(inherited)",
					"@executable_path/Frameworks",
				);
				MARKETING_VERSION = 1.0;
				PRODUCT_BUNDLE_IDENTIFIER = com.julianmichaeltechnologies.RepBuddy;
				PRODUCT_NAME = "$(TARGET_NAME)";
				SWIFT_EMIT_LOC_STRINGS = YES;
				SWIFT_VERSION = 5.0;
				TARGETED_DEVICE_FAMILY = "1,2";
			};
			name = Debug;
		};
		ABE88358293282EA00DCFA2E /* Release */ = {
			isa = XCBuildConfiguration;
			buildSettings = {
				ASSETCATALOG_COMPILER_APPICON_NAME = AppIcon;
				ASSETCATALOG_COMPILER_GLOBAL_ACCENT_COLOR_NAME = AccentColor;
				CODE_SIGN_STYLE = Automatic;
				CURRENT_PROJECT_VERSION = 1;
				DEVELOPMENT_ASSET_PATHS = "\"RepBuddy/Preview Content\"";
				DEVELOPMENT_TEAM = 9LT5ZRK64X;
				ENABLE_PREVIEWS = YES;
				GENERATE_INFOPLIST_FILE = YES;
				INFOPLIST_KEY_UIApplicationSceneManifest_Generation = YES;
				INFOPLIST_KEY_UIApplicationSupportsIndirectInputEvents = YES;
				INFOPLIST_KEY_UILaunchScreen_Generation = YES;
				INFOPLIST_KEY_UISupportedInterfaceOrientations_iPad = "UIInterfaceOrientationPortrait UIInterfaceOrientationPortraitUpsideDown UIInterfaceOrientationLandscapeLeft UIInterfaceOrientationLandscapeRight";
				INFOPLIST_KEY_UISupportedInterfaceOrientations_iPhone = "UIInterfaceOrientationPortrait UIInterfaceOrientationLandscapeLeft UIInterfaceOrientationLandscapeRight";
				LD_RUNPATH_SEARCH_PATHS = (
					"$(inherited)",
					"@executable_path/Frameworks",
				);
				MARKETING_VERSION = 1.0;
				PRODUCT_BUNDLE_IDENTIFIER = com.julianmichaeltechnologies.RepBuddy;
				PRODUCT_NAME = "$(TARGET_NAME)";
				SWIFT_EMIT_LOC_STRINGS = YES;
				SWIFT_VERSION = 5.0;
				TARGETED_DEVICE_FAMILY = "1,2";
			};
			name = Release;
		};
/* End XCBuildConfiguration section */

/* Begin XCConfigurationList section */
		ABE8833D293282E900DCFA2E /* Build configuration list for PBXProject "RepBuddy" */ = {
			isa = XCConfigurationList;
			buildConfigurations = (
				ABE88354293282EA00DCFA2E /* Debug */,
				ABE88355293282EA00DCFA2E /* Release */,
			);
			defaultConfigurationIsVisible = 0;
			defaultConfigurationName = Release;
		};
		ABE88356293282EA00DCFA2E /* Build configuration list for PBXNativeTarget "RepBuddy" */ = {
			isa = XCConfigurationList;
			buildConfigurations = (
				ABE88357293282EA00DCFA2E /* Debug */,
				ABE88358293282EA00DCFA2E /* Release */,
			);
			defaultConfigurationIsVisible = 0;
			defaultConfigurationName = Release;
		};
/* End XCConfigurationList section */

/* Begin XCVersionGroup section */
		ABE88350293282EA00DCFA2E /* RepBuddy.xcdatamodeld */ = {
			isa = XCVersionGroup;
			children = (
				ABE88351293282EA00DCFA2E /* RepBuddy.xcdatamodel */,
			);
			currentVersion = ABE88351293282EA00DCFA2E /* RepBuddy.xcdatamodel */;
			path = RepBuddy.xcdatamodeld;
			sourceTree = "<group>";
			versionGroupType = wrapper.xcdatamodel;
		};
/* End XCVersionGroup section */
	};
	rootObject = ABE8833A293282E900DCFA2E /* Project object */;
}
